{
  "version": 4,
  "terraform_version": "1.10.5",
  "serial": 104,
  "lineage": "73f21eb0-c386-00fb-3e4d-4822df5f94d1",
  "outputs": {
    "pem": {
      "value": "-----BEGIN RSA PRIVATE KEY-----\nMIIEowIBAAKCAQEArl1h3EsKIOjK1e98pAXvVPbaGK4uZ2TtLwSMpYNeQ2dBLFMv\npyH28/RHrmlVCkZrzHXPg6S/CykdBVghLIvobxn4q0xhimE6KjNYWU2MZcvby9UW\nV6+pffhVdMSJGM7+5++wCQ/D5rOBP4UPV8Yb91JJzJmw4QhL2igxxbVwApYZOoQa\nUSZ4xcd5lf4eimUYGDVk+ImapGKukzeyYrq9S2d0rD7ihftq821VYtnyDChoAVGx\nS4YnPupPkOgXytwh85p1gYSOCoWOo1HTzRuiDGk7F8+cq+Y1COgfOs8FjQzZ2e7F\nTzhfRG7M0KU0S1IBMrM/xHfHxMJrlJSN6rcNmwIDAQABAoIBAGT5LvKjgfoM1WmO\nhl92EGLjkOk59SVrDO9tcwVmTfA6m0NP6QigYqJjlB8sYFLS9RoyHznc7cVIycWO\ng6eIXdH4+Eg6s0GvjD9j/IW6otNQerhPbeDZmQ2aAeLc7YewV215IDgfKRMwYGio\nZXou/4L55ELXvdaTN1nebPRRXcwgqqsi0ZEQmAGImS6aDF9cbva2n065UqZkvoaw\nfIK70pVUM/ruY1YC308N79Zgr0WGtDkrjLNTUmy3FiFwTt13p+KBRhgtrYnUxLAZ\nD+b8eDalrZmuUIc7OyopOZwseMHaBGlbqiujAXdwTJf+k2frG3Q06x5EYKmuHBON\ntA3BugECgYEA4sdP2tiQpH8c32avSbiYFoQKRUXX+wIK+FZDZLj1iDwd5/YShcfy\ng/Vd1kCh1BFDjj8hgm8ZFbPRle+GJUScXbES9876RJqCA9y8OCkZ1/iB4V1snu6a\nIljbYMNEWLfPBU7/oO0lCCbPAvdsIuAL5xF2epNHsIBfLSQyWRwjWh0CgYEAxNUc\nGESM6wi2goAfYLxfQcX+FAGHhfMhEXdZTOLOj5oIuzvE+yXRSN49skLqzdtyfc5+\nSB+ORVj0cV7bXKFnA/m5ufbU7tZP2wopQB6G+abpsjtHE9OqmY7+sC8wvVtf5H4y\nya0aYADLy4T3KAomkKMR0gOJ5HJ68uE1QgEnuRcCgYEAuogapPXRM5zikNcTg130\nq0B8ejJSzsIFZ/L8iBKi0yYvqyZ6YdPvJJ9kSeDru1Vf7db7px/e0D0SPXPBMVJY\nE7Cc23xB2sAEBU1A/CjCeySLIGYJ/EhiO7I+8D5tL1QxUjqChUnKVgQl7li5d441\n/CAfBf+yzfkpUCYfy7AbW/kCgYAsxXi1gGo5T+sLtg7tFwvnzxxi+pIUAuCDs40J\ncxGfEl9oD0lYAxseowaPlK8KEh9xxFVvHFZlKb24R+ZHpKLlAZmgVifLB850OVR2\ntDrpcHD5zIf3V48XjLIb6y//8lfWhmoQ+6HjMmsoqN77KYvqHF2CUrG719plgpp1\noAOkEwKBgDlTFTeahcRK5EVn0jmnr8Fjo2eHeuj1mxha3d6wwSWgUHRP7QwpI0A8\nh0bK0XY6FIQ70WrlBThvkYA685l7V6ln50gfAeV5GcTkRNpml+OKiWzu8KtzvjCB\nr944Dtpk1j9RqfacjQDjUpfrsjxbClh8ZpoIUPy5SZkC6md/m1aw\n-----END RSA PRIVATE KEY-----\n",
      "type": "string",
      "sensitive": true
    },
    "produto_service_url": {
      "value": "produto-service",
      "type": "string"
    }
  },
  "resources": [
    {
      "mode": "data",
      "type": "aws_eks_cluster",
      "name": "default",
      "provider": "provider[\"registry.terraform.io/hashicorp/aws\"]",
      "instances": [
        {
          "schema_version": 0,
          "attributes": {
            "access_config": [
              {
                "authentication_mode": "CONFIG_MAP",
                "bootstrap_cluster_creator_admin_permissions": true
              }
            ],
            "arn": "arn:aws:eks:us-east-1:717279688908:cluster/restaurante-cluster2",
            "certificate_authority": [
              {
                "data": "LS0tLS1CRUdJTiBDRVJUSUZJQ0FURS0tLS0tCk1JSURCVENDQWUyZ0F3SUJBZ0lJZTZNVTFFKzBrYm93RFFZSktvWklodmNOQVFFTEJRQXdGVEVUTUJFR0ExVUUKQXhNS2EzVmlaWEp1WlhSbGN6QWVGdzB5TlRBeU1EZ3dNRFUwTURsYUZ3MHpOVEF5TURZd01EVTVNRGxhTUJVeApFekFSQmdOVkJBTVRDbXQxWW1WeWJtVjBaWE13Z2dFaU1BMEdDU3FHU0liM0RRRUJBUVVBQTRJQkR3QXdnZ0VLCkFvSUJBUUN6NFBoNUEyeWZzeHFWZFB2Qmxyb3lnRXQzdjJMaXFxTkVtWmVzRGpKVVdtaFpSZFZTMUVDTHJlaFQKNUFKQ0Z1cWcxSi96QVdCeXN0SmwvZFhPRlByN1ZBQjhwak5LRjFqbk0wYUlwR1E1Z3d6Zi9yYnJqaGNqWWxVLwo2WkpuTGk0SVpkQk1SZ3dFcTFLZ1VtdFpCcDZPSjJZcEhhQnVvbzU4RVRUUXVnbDh4dkpoVi8wNVhXSFJrNEpSCkc5eHM2YzZHWHBtWTRlNkNIM1I3Z0RDU24ySlBqWXFSZ3hwSVUxZFhuSzVTOHdZTGRGNFhEYzBQZWFJVWwxeEUKa2lvMmx3SkJzblRhNXZSNm5ZNHpPbVAveFc5emtkUW5xQXErWEdrd2lMVVVQZXJLcDBmRXJBdHN4UzVIU29BNwowS1pCWXhGUFNreGFSVDJCdmd3cmZocSthd3hIQWdNQkFBR2pXVEJYTUE0R0ExVWREd0VCL3dRRUF3SUNwREFQCkJnTlZIUk1CQWY4RUJUQURBUUgvTUIwR0ExVWREZ1FXQkJRVkdLU0o5QWE5WEVJVk11L3VXY2xGUDExWEJ6QVYKQmdOVkhSRUVEakFNZ2dwcmRXSmxjbTVsZEdWek1BMEdDU3FHU0liM0RRRUJDd1VBQTRJQkFRQ3J6ajloRmNxQwpFVFJpTHFrYmxIajZmWW9CVG9Iamh2NVh0bHZvUWd1dzNleW9sL0JpSmUyOWM0V0FkOXN0K3V4NENpVUl3THNlCmt2MjJldGtMYlRsNktDOFRyZDI5NzBLT21xNHFIVnkvYUdXOFJHV2drK1dnSG9zM0l5ZnpCc25GSjBDYWd3azYKdlB2MWg4TDAycm5BbDU3MHZ5c1ZTWDArVmlsN1ltN3k2WG9lWU1VMml3TVZlczZBaTBiODN5eU44NWtYM01obQp1QVpCYzZvdzZNRVVOa0UyR0w3RVVZREZaM2Y5WEZwWk8vR0ptVjR5a1lkVk0xUTg4cnVnVkNoN0MrT1FZczZDCnpEcWFUUXFvZHlONnRZSmhjdUFKTmt3aGRjNlJoMVcxMUJDOU1SNXZFSlJ0YnZxMGlYRTk4dHR0N1lJMVdQRUsKcnF6SU1abndHdkZWCi0tLS0tRU5EIENFUlRJRklDQVRFLS0tLS0K"
              }
            ],
            "cluster_id": null,
            "compute_config": [],
            "created_at": "2025-02-08T00:53:45Z",
            "enabled_cluster_log_types": [
              "api",
              "audit",
              "authenticator",
              "controllerManager",
              "scheduler"
            ],
            "endpoint": "https://F2E33BA7479A827229D7677EAFE78603.gr7.us-east-1.eks.amazonaws.com",
            "id": "restaurante-cluster2",
            "identity": [
              {
                "oidc": [
                  {
                    "issuer": "https://oidc.eks.us-east-1.amazonaws.com/id/F2E33BA7479A827229D7677EAFE78603"
                  }
                ]
              }
            ],
            "kubernetes_network_config": [
              {
                "elastic_load_balancing": [
                  {
                    "enabled": false
                  }
                ],
                "ip_family": "ipv4",
                "service_ipv4_cidr": "10.100.0.0/16",
                "service_ipv6_cidr": ""
              }
            ],
            "name": "restaurante-cluster2",
            "outpost_config": [],
            "platform_version": "eks.18",
            "remote_network_config": [],
            "role_arn": "arn:aws:iam::717279688908:role/eks-node-role",
            "status": "ACTIVE",
            "storage_config": [],
            "tags": {},
            "upgrade_policy": [
              {
                "support_type": "EXTENDED"
              }
            ],
            "version": "1.31",
            "vpc_config": [
              {
                "cluster_security_group_id": "sg-0eb7aa27909e9bcaf",
                "endpoint_private_access": true,
                "endpoint_public_access": true,
                "public_access_cidrs": [
                  "0.0.0.0/0"
                ],
                "security_group_ids": [
                  "sg-0d5ad21c4699c4478"
                ],
                "subnet_ids": [
                  "subnet-02e5a2960cbaf6259",
                  "subnet-0ba1d16a81898b46b"
                ],
                "vpc_id": "vpc-0bb3319f6293b884b"
              }
            ],
            "zonal_shift_config": []
          },
          "sensitive_attributes": []
        }
      ]
    },
    {
      "mode": "data",
      "type": "aws_eks_cluster_auth",
      "name": "default",
      "provider": "provider[\"registry.terraform.io/hashicorp/aws\"]",
      "instances": [
        {
          "schema_version": 0,
          "attributes": {
            "id": "restaurante-cluster2",
            "name": "restaurante-cluster2",
            "token": "k8s-aws-v1.aHR0cHM6Ly9zdHMudXMtZWFzdC0xLmFtYXpvbmF3cy5jb20vP0FjdGlvbj1HZXRDYWxsZXJJZGVudGl0eSZWZXJzaW9uPTIwMTEtMDYtMTUmWC1BbXotQWxnb3JpdGhtPUFXUzQtSE1BQy1TSEEyNTYmWC1BbXotQ3JlZGVudGlhbD1BS0lBMk9BSlRQREdLTUxDUjMyVCUyRjIwMjUwMjA4JTJGdXMtZWFzdC0xJTJGc3RzJTJGYXdzNF9yZXF1ZXN0JlgtQW16LURhdGU9MjAyNTAyMDhUMDEyNzU1WiZYLUFtei1FeHBpcmVzPTAmWC1BbXotU2lnbmVkSGVhZGVycz1ob3N0JTNCeC1rOHMtYXdzLWlkJlgtQW16LVNpZ25hdHVyZT01NWQ5NzY4Y2M1ZDlhNmNiNGQ3YTYzZWFjNmRhNjY3OWM2ZDhlYzU3ZjMzYWU2YzdjN2ZlYWMxNGU3OGEzYmMz"
          },
          "sensitive_attributes": [
            [
              {
                "type": "get_attr",
                "value": "token"
              }
            ]
          ]
        }
      ]
    },
    {
      "mode": "managed",
      "type": "aws_db_instance",
      "name": "mysql_rds_produto",
      "provider": "provider[\"registry.terraform.io/hashicorp/aws\"]",
      "instances": [
        {
          "schema_version": 2,
          "attributes": {
            "address": "produto-mysql.cvyga2i021ho.us-east-1.rds.amazonaws.com",
            "allocated_storage": 20,
            "allow_major_version_upgrade": null,
            "apply_immediately": false,
            "arn": "arn:aws:rds:us-east-1:717279688908:db:produto-mysql",
            "auto_minor_version_upgrade": true,
            "availability_zone": "us-east-1f",
            "backup_retention_period": 0,
            "backup_target": "region",
            "backup_window": "08:18-08:48",
            "blue_green_update": [],
            "ca_cert_identifier": "rds-ca-rsa2048-g1",
            "character_set_name": "",
            "copy_tags_to_snapshot": false,
            "custom_iam_instance_profile": "",
            "customer_owned_ip_enabled": false,
            "db_name": "produto_db",
            "db_subnet_group_name": "my-rds-subnet-group-ms-produto",
            "dedicated_log_volume": false,
            "delete_automated_backups": true,
            "deletion_protection": false,
            "domain": "",
            "domain_auth_secret_arn": "",
            "domain_dns_ips": null,
            "domain_fqdn": "",
            "domain_iam_role_name": "",
            "domain_ou": "",
            "enabled_cloudwatch_logs_exports": null,
            "endpoint": "produto-mysql.cvyga2i021ho.us-east-1.rds.amazonaws.com:3306",
            "engine": "mysql",
            "engine_lifecycle_support": "open-source-rds-extended-support",
            "engine_version": "8.0",
            "engine_version_actual": "8.0.40",
            "final_snapshot_identifier": null,
            "hosted_zone_id": "Z2R2ITUGPM61AM",
            "iam_database_authentication_enabled": false,
            "id": "db-M5KH5PASADYE7SYNIBFVXDP2DQ",
            "identifier": "produto-mysql",
            "identifier_prefix": "",
            "instance_class": "db.t3.micro",
            "iops": 0,
            "kms_key_id": "",
            "latest_restorable_time": "",
            "license_model": "general-public-license",
            "listener_endpoint": [],
            "maintenance_window": "sun:03:15-sun:03:45",
            "manage_master_user_password": null,
            "master_user_secret": [],
            "master_user_secret_kms_key_id": null,
            "max_allocated_storage": 0,
            "monitoring_interval": 0,
            "monitoring_role_arn": "",
            "multi_az": false,
            "nchar_character_set_name": "",
            "network_type": "IPV4",
            "option_group_name": "default:mysql-8-0",
            "parameter_group_name": "default.mysql8.0",
            "password": "produto_user_pass",
            "performance_insights_enabled": false,
            "performance_insights_kms_key_id": "",
            "performance_insights_retention_period": 0,
            "port": 3306,
            "publicly_accessible": false,
            "replica_mode": "",
            "replicas": [],
            "replicate_source_db": "",
            "resource_id": "db-M5KH5PASADYE7SYNIBFVXDP2DQ",
            "restore_to_point_in_time": [],
            "s3_import": [],
            "skip_final_snapshot": true,
            "snapshot_identifier": null,
            "status": "available",
            "storage_encrypted": false,
            "storage_throughput": 0,
            "storage_type": "gp2",
            "tags": null,
            "tags_all": {},
            "timeouts": null,
            "timezone": "",
            "upgrade_storage_config": null,
            "username": "produto_user",
            "vpc_security_group_ids": [
              "sg-096e67015ef2e6eff"
            ]
          },
          "sensitive_attributes": [
            [
              {
                "type": "get_attr",
                "value": "password"
              }
            ]
          ],
          "private": "eyJlMmJmYjczMC1lY2FhLTExZTYtOGY4OC0zNDM2M2JjN2M0YzAiOnsiY3JlYXRlIjozMDAwMDAwMDAwMDAwLCJkZWxldGUiOjM2MDAwMDAwMDAwMDAsInVwZGF0ZSI6NDgwMDAwMDAwMDAwMH0sInNjaGVtYV92ZXJzaW9uIjoiMiJ9",
          "dependencies": [
            "aws_db_subnet_group.rds_subnet_group",
            "aws_security_group.rds_sg"
          ]
        }
      ]
    },
    {
      "mode": "managed",
      "type": "aws_db_subnet_group",
      "name": "rds_subnet_group",
      "provider": "provider[\"registry.terraform.io/hashicorp/aws\"]",
      "instances": [
        {
          "schema_version": 0,
          "attributes": {
            "arn": "arn:aws:rds:us-east-1:717279688908:subgrp:my-rds-subnet-group-ms-produto",
            "description": "Managed by Terraform",
            "id": "my-rds-subnet-group-ms-produto",
            "name": "my-rds-subnet-group-ms-produto",
            "name_prefix": "",
            "subnet_ids": [
              "subnet-02e5a2960cbaf6259",
              "subnet-057aa3ff60937097d",
              "subnet-0ba1d16a81898b46b"
            ],
            "supported_network_types": [
              "IPV4"
            ],
            "tags": {
              "Name": "My RDS Subnet Group"
            },
            "tags_all": {
              "Name": "My RDS Subnet Group"
            },
            "vpc_id": "vpc-0bb3319f6293b884b"
          },
          "sensitive_attributes": [],
          "private": "bnVsbA=="
        }
      ]
    },
    {
      "mode": "managed",
      "type": "aws_iam_policy",
      "name": "db_produto_mysql_access_policy",
      "provider": "provider[\"registry.terraform.io/hashicorp/aws\"]",
      "instances": [
        {
          "schema_version": 0,
          "attributes": {
            "arn": "arn:aws:iam::717279688908:policy/iam-policy-for-db-produto",
            "attachment_count": 0,
            "description": "IAM policy for RDS production instance",
            "id": "arn:aws:iam::717279688908:policy/iam-policy-for-db-produto",
            "name": "iam-policy-for-db-produto",
            "name_prefix": "",
            "path": "/",
            "policy": "{\"Statement\":[{\"Action\":[\"logs:CreateLogGroup\",\"logs:CreateLogStream\",\"logs:PutLogEvents\",\"rds:DescribeDBInstances\",\"rds:Connect\",\"cloudwatch:PutMetricData\"],\"Effect\":\"Allow\",\"Resource\":\"*\"}],\"Version\":\"2012-10-17\"}",
            "policy_id": "ANPA2OAJTPDGLS2P5ARY3",
            "tags": null,
            "tags_all": {}
          },
          "sensitive_attributes": [],
          "private": "bnVsbA=="
        }
      ]
    },
    {
      "mode": "managed",
      "type": "aws_iam_role",
      "name": "db_produto_mysql_access_role",
      "provider": "provider[\"registry.terraform.io/hashicorp/aws\"]",
      "instances": [
        {
          "schema_version": 0,
          "attributes": {
            "arn": "arn:aws:iam::717279688908:role/iam-role-for-db-produto",
            "assume_role_policy": "{\"Statement\":[{\"Action\":\"sts:AssumeRole\",\"Effect\":\"Allow\",\"Principal\":{\"Service\":\"rds.amazonaws.com\"}}],\"Version\":\"2012-10-17\"}",
            "create_date": "2025-02-08T01:27:58Z",
            "description": "",
            "force_detach_policies": false,
            "id": "iam-role-for-db-produto",
            "inline_policy": [],
            "managed_policy_arns": [],
            "max_session_duration": 3600,
            "name": "iam-role-for-db-produto",
            "name_prefix": "",
            "path": "/",
            "permissions_boundary": "",
            "tags": null,
            "tags_all": {},
            "unique_id": "AROA2OAJTPDGKOJ2C36XX"
          },
          "sensitive_attributes": [],
          "private": "bnVsbA=="
        }
      ]
    },
    {
      "mode": "managed",
      "type": "aws_iam_role_policy_attachment",
      "name": "db_produto_mysql_access_policy_attachment",
      "provider": "provider[\"registry.terraform.io/hashicorp/aws\"]",
      "instances": [
        {
          "schema_version": 0,
          "attributes": {
            "id": "iam-role-for-db-produto-20250208012759972500000003",
            "policy_arn": "arn:aws:iam::717279688908:policy/iam-policy-for-db-produto",
            "role": "iam-role-for-db-produto"
          },
          "sensitive_attributes": [],
          "private": "bnVsbA==",
          "dependencies": [
            "aws_iam_policy.db_produto_mysql_access_policy",
            "aws_iam_role.db_produto_mysql_access_role"
          ]
        }
      ]
    },
    {
      "mode": "managed",
      "type": "aws_instance",
      "name": "db_client_produto",
      "provider": "provider[\"registry.terraform.io/hashicorp/aws\"]",
      "instances": [
        {
          "schema_version": 1,
          "attributes": {
            "ami": "ami-0ebfd941bbafe70c6",
            "arn": "arn:aws:ec2:us-east-1:717279688908:instance/i-04e9e75a51f69b5dd",
            "associate_public_ip_address": true,
            "availability_zone": "us-east-1a",
            "capacity_reservation_specification": [
              {
                "capacity_reservation_preference": "open",
                "capacity_reservation_target": []
              }
            ],
            "cpu_core_count": 1,
            "cpu_options": [
              {
                "amd_sev_snp": "",
                "core_count": 1,
                "threads_per_core": 1
              }
            ],
            "cpu_threads_per_core": 1,
            "credit_specification": [
              {
                "cpu_credits": "standard"
              }
            ],
            "disable_api_stop": false,
            "disable_api_termination": false,
            "ebs_block_device": [],
            "ebs_optimized": false,
            "enable_primary_ipv6": null,
            "enclave_options": [
              {
                "enabled": false
              }
            ],
            "ephemeral_block_device": [],
            "get_password_data": false,
            "hibernation": false,
            "host_id": "",
            "host_resource_group_arn": null,
            "iam_instance_profile": "",
            "id": "i-04e9e75a51f69b5dd",
            "instance_initiated_shutdown_behavior": "stop",
            "instance_lifecycle": "",
            "instance_market_options": [],
            "instance_state": "running",
            "instance_type": "t2.micro",
            "ipv6_address_count": 0,
            "ipv6_addresses": [],
            "key_name": "chave-fiap-ms-produto",
            "launch_template": [],
            "maintenance_options": [
              {
                "auto_recovery": "default"
              }
            ],
            "metadata_options": [
              {
                "http_endpoint": "enabled",
                "http_protocol_ipv6": "disabled",
                "http_put_response_hop_limit": 2,
                "http_tokens": "required",
                "instance_metadata_tags": "disabled"
              }
            ],
            "monitoring": false,
            "network_interface": [],
            "outpost_arn": "",
            "password_data": "",
            "placement_group": "",
            "placement_partition_number": 0,
            "primary_network_interface_id": "eni-0eac9b3a2e5ba9824",
            "private_dns": "ip-172-31-85-36.ec2.internal",
            "private_dns_name_options": [
              {
                "enable_resource_name_dns_a_record": false,
                "enable_resource_name_dns_aaaa_record": false,
                "hostname_type": "ip-name"
              }
            ],
            "private_ip": "172.31.85.36",
            "public_dns": "ec2-54-235-236-69.compute-1.amazonaws.com",
            "public_ip": "54.235.236.69",
            "root_block_device": [
              {
                "delete_on_termination": true,
                "device_name": "/dev/xvda",
                "encrypted": false,
                "iops": 3000,
                "kms_key_id": "",
                "tags": {},
                "tags_all": {},
                "throughput": 125,
                "volume_id": "vol-0d0b0981759d5d947",
                "volume_size": 8,
                "volume_type": "gp3"
              }
            ],
            "secondary_private_ips": [],
            "security_groups": [
              "ssh_cluster_ms_produto"
            ],
            "source_dest_check": true,
            "spot_instance_request_id": "",
            "subnet_id": "subnet-0ba1d16a81898b46b",
            "tags": null,
            "tags_all": {},
            "tenancy": "default",
            "timeouts": null,
            "user_data": null,
            "user_data_base64": null,
            "user_data_replace_on_change": false,
            "volume_tags": null,
            "vpc_security_group_ids": [
              "sg-010cb798c6b15e828"
            ]
          },
          "sensitive_attributes": [],
          "private": "eyJlMmJmYjczMC1lY2FhLTExZTYtOGY4OC0zNDM2M2JjN2M0YzAiOnsiY3JlYXRlIjo2MDAwMDAwMDAwMDAsImRlbGV0ZSI6MTIwMDAwMDAwMDAwMCwicmVhZCI6OTAwMDAwMDAwMDAwLCJ1cGRhdGUiOjYwMDAwMDAwMDAwMH0sInNjaGVtYV92ZXJzaW9uIjoiMSJ9",
          "dependencies": [
            "aws_db_instance.mysql_rds_produto",
            "aws_db_subnet_group.rds_subnet_group",
            "aws_key_pair.generated_key",
            "aws_security_group.rds_sg",
            "aws_security_group.ssh_cluster_ms_produto",
            "tls_private_key.tls_private"
          ]
        }
      ]
    },
    {
      "mode": "managed",
      "type": "aws_key_pair",
      "name": "generated_key",
      "provider": "provider[\"registry.terraform.io/hashicorp/aws\"]",
      "instances": [
        {
          "schema_version": 1,
          "attributes": {
            "arn": "arn:aws:ec2:us-east-1:717279688908:key-pair/chave-fiap-ms-produto",
            "fingerprint": "76:38:01:3c:9d:6b:16:a2:e2:31:fc:6d:20:c2:8a:87",
            "id": "chave-fiap-ms-produto",
            "key_name": "chave-fiap-ms-produto",
            "key_name_prefix": "",
            "key_pair_id": "key-0b03d04f9aa3c26c4",
            "key_type": "rsa",
            "public_key": "ssh-rsa AAAAB3NzaC1yc2EAAAADAQABAAABAQCuXWHcSwog6MrV73ykBe9U9toYri5nZO0vBIylg15DZ0EsUy+nIfbz9EeuaVUKRmvMdc+DpL8LKR0FWCEsi+hvGfirTGGKYToqM1hZTYxly9vL1RZXr6l9+FV0xIkYzv7n77AJD8Pms4E/hQ9Xxhv3UknMmbDhCEvaKDHFtXAClhk6hBpRJnjFx3mV/h6KZRgYNWT4iZqkYq6TN7Jiur1LZ3SsPuKF+2rzbVVi2fIMKGgBUbFLhic+6k+Q6BfK3CHzmnWBhI4KhY6jUdPNG6IMaTsXz5yr5jUI6B86zwWNDNnZ7sVPOF9EbszQpTRLUgEysz/Ed8fEwmuUlI3qtw2b",
            "tags": null,
            "tags_all": {}
          },
          "sensitive_attributes": [],
          "private": "eyJzY2hlbWFfdmVyc2lvbiI6IjEifQ==",
          "dependencies": [
            "tls_private_key.tls_private"
          ]
        }
      ]
    },
    {
      "mode": "managed",
      "type": "aws_secretsmanager_secret",
      "name": "produto",
      "provider": "provider[\"registry.terraform.io/hashicorp/aws\"]",
      "instances": [
        {
          "schema_version": 0,
          "attributes": {
            "arn": "arn:aws:secretsmanager:us-east-1:717279688908:secret:keypair-ms-produto-v2-a9veOm",
            "description": "",
            "force_overwrite_replica_secret": false,
            "id": "arn:aws:secretsmanager:us-east-1:717279688908:secret:keypair-ms-produto-v2-a9veOm",
            "kms_key_id": "",
            "name": "keypair-ms-produto-v2",
            "name_prefix": "",
            "policy": "",
            "recovery_window_in_days": 30,
            "replica": [],
            "tags": null,
            "tags_all": {}
          },
          "sensitive_attributes": [],
          "private": "bnVsbA=="
        }
      ]
    },
    {
      "mode": "managed",
      "type": "aws_secretsmanager_secret_version",
      "name": "produto",
      "provider": "provider[\"registry.terraform.io/hashicorp/aws\"]",
      "instances": [
        {
          "schema_version": 0,
          "attributes": {
            "arn": "arn:aws:secretsmanager:us-east-1:717279688908:secret:keypair-ms-produto-v2-a9veOm",
            "id": "arn:aws:secretsmanager:us-east-1:717279688908:secret:keypair-ms-produto-v2-a9veOm|terraform-20250208012759447100000002",
            "secret_binary": "",
            "secret_id": "arn:aws:secretsmanager:us-east-1:717279688908:secret:keypair-ms-produto-v2-a9veOm",
            "secret_string": "{\"KeyName\":\"chave-fiap-ms-produto\",\"PEM\":\"-----BEGIN RSA PRIVATE KEY-----\\nMIIEowIBAAKCAQEArl1h3EsKIOjK1e98pAXvVPbaGK4uZ2TtLwSMpYNeQ2dBLFMv\\npyH28/RHrmlVCkZrzHXPg6S/CykdBVghLIvobxn4q0xhimE6KjNYWU2MZcvby9UW\\nV6+pffhVdMSJGM7+5++wCQ/D5rOBP4UPV8Yb91JJzJmw4QhL2igxxbVwApYZOoQa\\nUSZ4xcd5lf4eimUYGDVk+ImapGKukzeyYrq9S2d0rD7ihftq821VYtnyDChoAVGx\\nS4YnPupPkOgXytwh85p1gYSOCoWOo1HTzRuiDGk7F8+cq+Y1COgfOs8FjQzZ2e7F\\nTzhfRG7M0KU0S1IBMrM/xHfHxMJrlJSN6rcNmwIDAQABAoIBAGT5LvKjgfoM1WmO\\nhl92EGLjkOk59SVrDO9tcwVmTfA6m0NP6QigYqJjlB8sYFLS9RoyHznc7cVIycWO\\ng6eIXdH4+Eg6s0GvjD9j/IW6otNQerhPbeDZmQ2aAeLc7YewV215IDgfKRMwYGio\\nZXou/4L55ELXvdaTN1nebPRRXcwgqqsi0ZEQmAGImS6aDF9cbva2n065UqZkvoaw\\nfIK70pVUM/ruY1YC308N79Zgr0WGtDkrjLNTUmy3FiFwTt13p+KBRhgtrYnUxLAZ\\nD+b8eDalrZmuUIc7OyopOZwseMHaBGlbqiujAXdwTJf+k2frG3Q06x5EYKmuHBON\\ntA3BugECgYEA4sdP2tiQpH8c32avSbiYFoQKRUXX+wIK+FZDZLj1iDwd5/YShcfy\\ng/Vd1kCh1BFDjj8hgm8ZFbPRle+GJUScXbES9876RJqCA9y8OCkZ1/iB4V1snu6a\\nIljbYMNEWLfPBU7/oO0lCCbPAvdsIuAL5xF2epNHsIBfLSQyWRwjWh0CgYEAxNUc\\nGESM6wi2goAfYLxfQcX+FAGHhfMhEXdZTOLOj5oIuzvE+yXRSN49skLqzdtyfc5+\\nSB+ORVj0cV7bXKFnA/m5ufbU7tZP2wopQB6G+abpsjtHE9OqmY7+sC8wvVtf5H4y\\nya0aYADLy4T3KAomkKMR0gOJ5HJ68uE1QgEnuRcCgYEAuogapPXRM5zikNcTg130\\nq0B8ejJSzsIFZ/L8iBKi0yYvqyZ6YdPvJJ9kSeDru1Vf7db7px/e0D0SPXPBMVJY\\nE7Cc23xB2sAEBU1A/CjCeySLIGYJ/EhiO7I+8D5tL1QxUjqChUnKVgQl7li5d441\\n/CAfBf+yzfkpUCYfy7AbW/kCgYAsxXi1gGo5T+sLtg7tFwvnzxxi+pIUAuCDs40J\\ncxGfEl9oD0lYAxseowaPlK8KEh9xxFVvHFZlKb24R+ZHpKLlAZmgVifLB850OVR2\\ntDrpcHD5zIf3V48XjLIb6y//8lfWhmoQ+6HjMmsoqN77KYvqHF2CUrG719plgpp1\\noAOkEwKBgDlTFTeahcRK5EVn0jmnr8Fjo2eHeuj1mxha3d6wwSWgUHRP7QwpI0A8\\nh0bK0XY6FIQ70WrlBThvkYA685l7V6ln50gfAeV5GcTkRNpml+OKiWzu8KtzvjCB\\nr944Dtpk1j9RqfacjQDjUpfrsjxbClh8ZpoIUPy5SZkC6md/m1aw\\n-----END RSA PRIVATE KEY-----\\n\",\"RSAPUB\":\"ssh-rsa AAAAB3NzaC1yc2EAAAADAQABAAABAQCuXWHcSwog6MrV73ykBe9U9toYri5nZO0vBIylg15DZ0EsUy+nIfbz9EeuaVUKRmvMdc+DpL8LKR0FWCEsi+hvGfirTGGKYToqM1hZTYxly9vL1RZXr6l9+FV0xIkYzv7n77AJD8Pms4E/hQ9Xxhv3UknMmbDhCEvaKDHFtXAClhk6hBpRJnjFx3mV/h6KZRgYNWT4iZqkYq6TN7Jiur1LZ3SsPuKF+2rzbVVi2fIMKGgBUbFLhic+6k+Q6BfK3CHzmnWBhI4KhY6jUdPNG6IMaTsXz5yr5jUI6B86zwWNDNnZ7sVPOF9EbszQpTRLUgEysz/Ed8fEwmuUlI3qtw2b\\n\"}",
            "version_id": "terraform-20250208012759447100000002",
            "version_stages": [
              "AWSCURRENT"
            ]
          },
          "sensitive_attributes": [
            [
              {
                "type": "get_attr",
                "value": "secret_binary"
              }
            ],
            [
              {
                "type": "get_attr",
                "value": "secret_string"
              }
            ]
          ],
          "private": "bnVsbA==",
          "dependencies": [
            "aws_key_pair.generated_key",
            "aws_secretsmanager_secret.produto",
            "tls_private_key.tls_private"
          ]
        }
      ]
    },
    {
      "mode": "managed",
      "type": "aws_security_group",
      "name": "rds_sg",
      "provider": "provider[\"registry.terraform.io/hashicorp/aws\"]",
      "instances": [
        {
          "schema_version": 1,
          "attributes": {
            "arn": "arn:aws:ec2:us-east-1:717279688908:security-group/sg-096e67015ef2e6eff",
            "description": "Security group for RDS",
            "egress": [],
            "id": "sg-096e67015ef2e6eff",
            "ingress": [],
            "name": "rds-security-group-ms-produto",
            "name_prefix": "",
            "owner_id": "717279688908",
            "revoke_rules_on_delete": false,
            "tags": null,
            "tags_all": {},
            "timeouts": null,
            "vpc_id": "vpc-0bb3319f6293b884b"
          },
          "sensitive_attributes": [],
          "private": "eyJlMmJmYjczMC1lY2FhLTExZTYtOGY4OC0zNDM2M2JjN2M0YzAiOnsiY3JlYXRlIjo2MDAwMDAwMDAwMDAsImRlbGV0ZSI6OTAwMDAwMDAwMDAwfSwic2NoZW1hX3ZlcnNpb24iOiIxIn0="
        }
      ]
    },
    {
      "mode": "managed",
      "type": "aws_security_group",
      "name": "ssh_cluster_ms_produto",
      "provider": "provider[\"registry.terraform.io/hashicorp/aws\"]",
      "instances": [
        {
          "schema_version": 1,
          "attributes": {
            "arn": "arn:aws:ec2:us-east-1:717279688908:security-group/sg-010cb798c6b15e828",
            "description": "Managed by Terraform",
            "egress": [],
            "id": "sg-010cb798c6b15e828",
            "ingress": [],
            "name": "ssh_cluster_ms_produto",
            "name_prefix": "",
            "owner_id": "717279688908",
            "revoke_rules_on_delete": false,
            "tags": null,
            "tags_all": {},
            "timeouts": null,
            "vpc_id": "vpc-0bb3319f6293b884b"
          },
          "sensitive_attributes": [],
          "private": "eyJlMmJmYjczMC1lY2FhLTExZTYtOGY4OC0zNDM2M2JjN2M0YzAiOnsiY3JlYXRlIjo2MDAwMDAwMDAwMDAsImRlbGV0ZSI6OTAwMDAwMDAwMDAwfSwic2NoZW1hX3ZlcnNpb24iOiIxIn0="
        }
      ]
    },
    {
      "mode": "managed",
      "type": "aws_security_group_rule",
      "name": "rds_in",
      "provider": "provider[\"registry.terraform.io/hashicorp/aws\"]",
      "instances": [
        {
          "schema_version": 2,
          "attributes": {
            "cidr_blocks": [
              "172.31.0.0/16"
            ],
            "description": null,
            "from_port": 3306,
            "id": "sgrule-2472508918",
            "ipv6_cidr_blocks": null,
            "prefix_list_ids": null,
            "protocol": "tcp",
            "security_group_id": "sg-096e67015ef2e6eff",
            "security_group_rule_id": "sgr-0c3a3825e465e406f",
            "self": false,
            "source_security_group_id": null,
            "timeouts": null,
            "to_port": 3306,
            "type": "ingress"
          },
          "sensitive_attributes": [],
          "private": "eyJlMmJmYjczMC1lY2FhLTExZTYtOGY4OC0zNDM2M2JjN2M0YzAiOnsiY3JlYXRlIjozMDAwMDAwMDAwMDB9LCJzY2hlbWFfdmVyc2lvbiI6IjIifQ==",
          "dependencies": [
            "aws_security_group.rds_sg"
          ]
        }
      ]
    },
    {
      "mode": "managed",
      "type": "aws_security_group_rule",
      "name": "rds_out",
      "provider": "provider[\"registry.terraform.io/hashicorp/aws\"]",
      "instances": [
        {
          "schema_version": 2,
          "attributes": {
            "cidr_blocks": [
              "0.0.0.0/0"
            ],
            "description": null,
            "from_port": 0,
            "id": "sgrule-1718827900",
            "ipv6_cidr_blocks": null,
            "prefix_list_ids": null,
            "protocol": "-1",
            "security_group_id": "sg-096e67015ef2e6eff",
            "security_group_rule_id": "sgr-0d27cc4b06d4cfddd",
            "self": false,
            "source_security_group_id": null,
            "timeouts": null,
            "to_port": 0,
            "type": "egress"
          },
          "sensitive_attributes": [],
          "private": "eyJlMmJmYjczMC1lY2FhLTExZTYtOGY4OC0zNDM2M2JjN2M0YzAiOnsiY3JlYXRlIjozMDAwMDAwMDAwMDB9LCJzY2hlbWFfdmVyc2lvbiI6IjIifQ==",
          "dependencies": [
            "aws_security_group.rds_sg"
          ]
        }
      ]
    },
    {
      "mode": "managed",
      "type": "aws_security_group_rule",
      "name": "ssh_cluster_ms_produto_http",
      "provider": "provider[\"registry.terraform.io/hashicorp/aws\"]",
      "instances": [
        {
          "schema_version": 2,
          "attributes": {
            "cidr_blocks": [
              "0.0.0.0/0"
            ],
            "description": null,
            "from_port": 8080,
            "id": "sgrule-60461576",
            "ipv6_cidr_blocks": null,
            "prefix_list_ids": null,
            "protocol": "tcp",
            "security_group_id": "sg-010cb798c6b15e828",
            "security_group_rule_id": "sgr-096bb59aec71a2c6b",
            "self": false,
            "source_security_group_id": null,
            "timeouts": null,
            "to_port": 8080,
            "type": "ingress"
          },
          "sensitive_attributes": [],
          "private": "eyJlMmJmYjczMC1lY2FhLTExZTYtOGY4OC0zNDM2M2JjN2M0YzAiOnsiY3JlYXRlIjozMDAwMDAwMDAwMDB9LCJzY2hlbWFfdmVyc2lvbiI6IjIifQ==",
          "dependencies": [
            "aws_security_group.ssh_cluster_ms_produto"
          ]
        }
      ]
    },
    {
      "mode": "managed",
      "type": "aws_security_group_rule",
      "name": "ssh_cluster_ms_produto_http_80",
      "provider": "provider[\"registry.terraform.io/hashicorp/aws\"]",
      "instances": [
        {
          "schema_version": 2,
          "attributes": {
            "cidr_blocks": [
              "0.0.0.0/0"
            ],
            "description": null,
            "from_port": 80,
            "id": "sgrule-166484684",
            "ipv6_cidr_blocks": null,
            "prefix_list_ids": null,
            "protocol": "tcp",
            "security_group_id": "sg-010cb798c6b15e828",
            "security_group_rule_id": "sgr-0a7b610a063abf478",
            "self": false,
            "source_security_group_id": null,
            "timeouts": null,
            "to_port": 80,
            "type": "ingress"
          },
          "sensitive_attributes": [],
          "private": "eyJlMmJmYjczMC1lY2FhLTExZTYtOGY4OC0zNDM2M2JjN2M0YzAiOnsiY3JlYXRlIjozMDAwMDAwMDAwMDB9LCJzY2hlbWFfdmVyc2lvbiI6IjIifQ==",
          "dependencies": [
            "aws_security_group.ssh_cluster_ms_produto"
          ]
        }
      ]
    },
    {
      "mode": "managed",
      "type": "aws_security_group_rule",
      "name": "ssh_cluster_ms_produto_https",
      "provider": "provider[\"registry.terraform.io/hashicorp/aws\"]",
      "instances": [
        {
          "schema_version": 2,
          "attributes": {
            "cidr_blocks": [
              "0.0.0.0/0"
            ],
            "description": null,
            "from_port": 443,
            "id": "sgrule-1255295926",
            "ipv6_cidr_blocks": null,
            "prefix_list_ids": null,
            "protocol": "tcp",
            "security_group_id": "sg-010cb798c6b15e828",
            "security_group_rule_id": "sgr-0aa1685461ad826ae",
            "self": false,
            "source_security_group_id": null,
            "timeouts": null,
            "to_port": 443,
            "type": "ingress"
          },
          "sensitive_attributes": [],
          "private": "eyJlMmJmYjczMC1lY2FhLTExZTYtOGY4OC0zNDM2M2JjN2M0YzAiOnsiY3JlYXRlIjozMDAwMDAwMDAwMDB9LCJzY2hlbWFfdmVyc2lvbiI6IjIifQ==",
          "dependencies": [
            "aws_security_group.ssh_cluster_ms_produto"
          ]
        }
      ]
    },
    {
      "mode": "managed",
      "type": "aws_security_group_rule",
      "name": "ssh_cluster_ms_produto_in",
      "provider": "provider[\"registry.terraform.io/hashicorp/aws\"]",
      "instances": [
        {
          "schema_version": 2,
          "attributes": {
            "cidr_blocks": [
              "0.0.0.0/0"
            ],
            "description": null,
            "from_port": 22,
            "id": "sgrule-3211134841",
            "ipv6_cidr_blocks": null,
            "prefix_list_ids": null,
            "protocol": "tcp",
            "security_group_id": "sg-010cb798c6b15e828",
            "security_group_rule_id": "sgr-05348f0cebef9fe0c",
            "self": false,
            "source_security_group_id": null,
            "timeouts": null,
            "to_port": 22,
            "type": "ingress"
          },
          "sensitive_attributes": [],
          "private": "eyJlMmJmYjczMC1lY2FhLTExZTYtOGY4OC0zNDM2M2JjN2M0YzAiOnsiY3JlYXRlIjozMDAwMDAwMDAwMDB9LCJzY2hlbWFfdmVyc2lvbiI6IjIifQ==",
          "dependencies": [
            "aws_security_group.ssh_cluster_ms_produto"
          ]
        }
      ]
    },
    {
      "mode": "managed",
      "type": "aws_security_group_rule",
      "name": "ssh_cluster_ms_produto_out",
      "provider": "provider[\"registry.terraform.io/hashicorp/aws\"]",
      "instances": [
        {
          "schema_version": 2,
          "attributes": {
            "cidr_blocks": [
              "0.0.0.0/0"
            ],
            "description": null,
            "from_port": 0,
            "id": "sgrule-2210881943",
            "ipv6_cidr_blocks": null,
            "prefix_list_ids": null,
            "protocol": "-1",
            "security_group_id": "sg-010cb798c6b15e828",
            "security_group_rule_id": "sgr-047d92177e5fbd687",
            "self": false,
            "source_security_group_id": null,
            "timeouts": null,
            "to_port": 0,
            "type": "egress"
          },
          "sensitive_attributes": [],
          "private": "eyJlMmJmYjczMC1lY2FhLTExZTYtOGY4OC0zNDM2M2JjN2M0YzAiOnsiY3JlYXRlIjozMDAwMDAwMDAwMDB9LCJzY2hlbWFfdmVyc2lvbiI6IjIifQ==",
          "dependencies": [
            "aws_security_group.ssh_cluster_ms_produto"
          ]
        }
      ]
    },
    {
      "mode": "managed",
      "type": "aws_security_group_rule",
      "name": "ssh_cluster_ms_produto_rds",
      "provider": "provider[\"registry.terraform.io/hashicorp/aws\"]",
      "instances": [
        {
          "schema_version": 2,
          "attributes": {
            "cidr_blocks": [
              "0.0.0.0/0"
            ],
            "description": null,
            "from_port": 3306,
            "id": "sgrule-2363067998",
            "ipv6_cidr_blocks": null,
            "prefix_list_ids": null,
            "protocol": "tcp",
            "security_group_id": "sg-010cb798c6b15e828",
            "security_group_rule_id": "sgr-0bc8623e6321f39ad",
            "self": false,
            "source_security_group_id": null,
            "timeouts": null,
            "to_port": 3306,
            "type": "ingress"
          },
          "sensitive_attributes": [],
          "private": "eyJlMmJmYjczMC1lY2FhLTExZTYtOGY4OC0zNDM2M2JjN2M0YzAiOnsiY3JlYXRlIjozMDAwMDAwMDAwMDB9LCJzY2hlbWFfdmVyc2lvbiI6IjIifQ==",
          "dependencies": [
            "aws_security_group.ssh_cluster_ms_produto"
          ]
        }
      ]
    },
    {
      "mode": "managed",
      "type": "kubernetes_deployment",
      "name": "produto-api",
      "provider": "provider[\"registry.terraform.io/hashicorp/kubernetes\"]",
      "instances": [
        {
          "schema_version": 1,
          "attributes": {
            "id": "default/produto",
            "metadata": [
              {
                "annotations": null,
                "generate_name": "",
                "generation": 1,
                "labels": {
                  "app": "produto"
                },
                "name": "produto",
                "namespace": "default",
                "resource_version": "6114",
                "uid": "649602b8-7044-4410-9e14-75dc0f538b6e"
              }
            ],
            "spec": [
              {
                "min_ready_seconds": 0,
                "paused": false,
                "progress_deadline_seconds": 600,
                "replicas": "1",
                "revision_history_limit": 10,
                "selector": [
                  {
                    "match_expressions": [],
                    "match_labels": {
                      "app": "produto"
                    }
                  }
                ],
                "strategy": [
                  {
                    "rolling_update": [
                      {
                        "max_surge": "25%",
                        "max_unavailable": "25%"
                      }
                    ],
                    "type": "RollingUpdate"
                  }
                ],
                "template": [
                  {
                    "metadata": [
                      {
                        "annotations": null,
                        "generate_name": "",
                        "generation": 0,
                        "labels": {
                          "app": "produto"
                        },
                        "name": "",
                        "namespace": "",
                        "resource_version": "",
                        "uid": ""
                      }
                    ],
                    "spec": [
                      {
                        "active_deadline_seconds": 0,
                        "affinity": [],
                        "automount_service_account_token": true,
                        "container": [
                          {
                            "args": null,
                            "command": null,
                            "env": [
                              {
                                "name": "RDS_ENDPOINT",
                                "value": "produto-mysql.cvyga2i021ho.us-east-1.rds.amazonaws.com:3306",
                                "value_from": []
                              }
                            ],
                            "env_from": [
                              {
                                "config_map_ref": [],
                                "prefix": "",
                                "secret_ref": [
                                  {
                                    "name": "db-produto-secret",
                                    "optional": false
                                  }
                                ]
                              }
                            ],
                            "image": "717279688908.dkr.ecr.us-east-1.amazonaws.com/repositorio:v10",
                            "image_pull_policy": "IfNotPresent",
                            "lifecycle": [],
                            "liveness_probe": [
                              {
                                "exec": [],
                                "failure_threshold": 3,
                                "grpc": [],
                                "http_get": [
                                  {
                                    "host": "",
                                    "http_header": [],
                                    "path": "/api/v1/actuator/health",
                                    "port": "8080",
                                    "scheme": "HTTP"
                                  }
                                ],
                                "initial_delay_seconds": 120,
                                "period_seconds": 10,
                                "success_threshold": 1,
                                "tcp_socket": [],
                                "timeout_seconds": 5
                              }
                            ],
                            "name": "produto",
                            "port": [
                              {
                                "container_port": 8080,
                                "host_ip": "",
                                "host_port": 0,
                                "name": "",
                                "protocol": "TCP"
                              }
                            ],
                            "readiness_probe": [],
                            "resources": [
                              {
                                "limits": {
                                  "cpu": "1",
                                  "memory": "1Gi"
                                },
                                "requests": {
                                  "cpu": "500m",
                                  "memory": "250Mi"
                                }
                              }
                            ],
                            "security_context": [],
                            "startup_probe": [],
                            "stdin": false,
                            "stdin_once": false,
                            "termination_message_path": "/dev/termination-log",
                            "termination_message_policy": "File",
                            "tty": false,
                            "volume_device": [],
                            "volume_mount": [],
                            "working_dir": ""
                          }
                        ],
                        "dns_config": [],
                        "dns_policy": "ClusterFirst",
                        "enable_service_links": true,
                        "host_aliases": [],
                        "host_ipc": false,
                        "host_network": false,
                        "host_pid": false,
                        "hostname": "",
                        "image_pull_secrets": [],
                        "init_container": [],
                        "node_name": "",
                        "node_selector": null,
                        "os": [],
                        "priority_class_name": "",
                        "readiness_gate": [],
                        "restart_policy": "Always",
                        "runtime_class_name": "",
                        "scheduler_name": "default-scheduler",
                        "security_context": [],
                        "service_account_name": "db-produto-mysql-service-account",
                        "share_process_namespace": false,
                        "subdomain": "",
                        "termination_grace_period_seconds": 30,
                        "toleration": [],
                        "topology_spread_constraint": [],
                        "volume": []
                      }
                    ]
                  }
                ]
              }
            ],
            "timeouts": null,
            "wait_for_rollout": true
          },
          "sensitive_attributes": [],
          "private": "eyJlMmJmYjczMC1lY2FhLTExZTYtOGY4OC0zNDM2M2JjN2M0YzAiOnsiY3JlYXRlIjo2MDAwMDAwMDAwMDAsImRlbGV0ZSI6NjAwMDAwMDAwMDAwLCJ1cGRhdGUiOjYwMDAwMDAwMDAwMH0sInNjaGVtYV92ZXJzaW9uIjoiMSJ9",
          "dependencies": [
            "aws_db_instance.mysql_rds_produto",
            "aws_db_subnet_group.rds_subnet_group",
            "aws_iam_role.db_produto_mysql_access_role",
            "aws_security_group.rds_sg",
            "data.aws_eks_cluster.default",
            "data.aws_eks_cluster_auth.default",
            "kubernetes_secret.db_produto_secret",
            "kubernetes_service_account.db_produto_mysql_service_account"
          ]
        }
      ]
    },
    {
      "mode": "managed",
      "type": "kubernetes_horizontal_pod_autoscaler",
      "name": "produto_hpa",
      "provider": "provider[\"registry.terraform.io/hashicorp/kubernetes\"]",
      "instances": [
        {
          "schema_version": 0,
          "attributes": {
            "id": "default/produto-hpa",
            "metadata": [
              {
                "annotations": null,
                "generate_name": "",
                "generation": 0,
                "labels": null,
                "name": "produto-hpa",
                "namespace": "default",
                "resource_version": "6117",
                "uid": "aeb4fc39-b270-46c1-8904-fae2a91feada"
              }
            ],
            "spec": [
              {
                "behavior": [],
                "max_replicas": 10,
                "metric": [],
                "min_replicas": 1,
                "scale_target_ref": [
                  {
                    "api_version": "apps/v1",
                    "kind": "Deployment",
                    "name": "produto"
                  }
                ],
                "target_cpu_utilization_percentage": 70
              }
            ]
          },
          "sensitive_attributes": [],
          "private": "bnVsbA==",
          "dependencies": [
            "aws_db_instance.mysql_rds_produto",
            "aws_db_subnet_group.rds_subnet_group",
            "aws_iam_role.db_produto_mysql_access_role",
            "aws_security_group.rds_sg",
            "data.aws_eks_cluster.default",
            "data.aws_eks_cluster_auth.default",
            "kubernetes_deployment.produto-api",
            "kubernetes_secret.db_produto_secret",
            "kubernetes_service_account.db_produto_mysql_service_account"
          ]
        }
      ]
    },
    {
      "mode": "managed",
      "type": "kubernetes_secret",
      "name": "db_produto_secret",
      "provider": "provider[\"registry.terraform.io/hashicorp/kubernetes\"]",
      "instances": [
        {
          "schema_version": 0,
          "attributes": {
            "binary_data": null,
            "data": {
              "mysql_database": "cHJvZHV0b19kYg==",
              "mysql_password": "cHJvZHV0b191c2VyX3Bhc3M=",
              "mysql_user": "cHJvZHV0b191c2Vy"
            },
            "id": "default/db-produto-secret",
            "immutable": false,
            "metadata": [
              {
                "annotations": null,
                "generate_name": "",
                "generation": 0,
                "labels": null,
                "name": "db-produto-secret",
                "namespace": "default",
                "resource_version": "5408",
                "uid": "42e230be-481a-4d6d-a954-cc83b4fc70f5"
              }
            ],
            "timeouts": null,
            "type": "Opaque",
            "wait_for_service_account_token": true
          },
          "sensitive_attributes": [
            [
              {
                "type": "get_attr",
                "value": "binary_data"
              }
            ],
            [
              {
                "type": "get_attr",
                "value": "data"
              }
            ]
          ],
          "private": "eyJlMmJmYjczMC1lY2FhLTExZTYtOGY4OC0zNDM2M2JjN2M0YzAiOnsiY3JlYXRlIjo2MDAwMDAwMDAwMH19",
          "dependencies": [
            "data.aws_eks_cluster.default",
            "data.aws_eks_cluster_auth.default"
          ]
        }
      ]
    },
    {
      "mode": "managed",
      "type": "kubernetes_service",
      "name": "produto_service",
      "provider": "provider[\"registry.terraform.io/hashicorp/kubernetes\"]",
      "instances": [
        {
          "schema_version": 1,
          "attributes": {
            "id": "default/produto-service",
            "metadata": [
              {
                "annotations": null,
                "generate_name": "",
                "generation": 0,
                "labels": {
                  "app": "produto"
                },
                "name": "produto-service",
                "namespace": "default",
                "resource_version": "5409",
                "uid": "609964f1-6de0-4de8-8ef9-0dc28c05d4e0"
              }
            ],
            "spec": [
              {
                "allocate_load_balancer_node_ports": true,
                "cluster_ip": "10.100.201.151",
                "cluster_ips": [
                  "10.100.201.151"
                ],
                "external_ips": null,
                "external_name": "",
                "external_traffic_policy": "",
                "health_check_node_port": 0,
                "internal_traffic_policy": "Cluster",
                "ip_families": [
                  "IPv4"
                ],
                "ip_family_policy": "SingleStack",
                "load_balancer_class": "",
                "load_balancer_ip": "",
                "load_balancer_source_ranges": null,
                "port": [
                  {
                    "app_protocol": "",
                    "name": "",
                    "node_port": 0,
                    "port": 80,
                    "protocol": "TCP",
                    "target_port": "8080"
                  }
                ],
                "publish_not_ready_addresses": false,
                "selector": {
                  "app": "produto"
                },
                "session_affinity": "None",
                "session_affinity_config": [],
                "type": "ClusterIP"
              }
            ],
            "status": [
              {
                "load_balancer": [
                  {
                    "ingress": []
                  }
                ]
              }
            ],
            "timeouts": null,
            "wait_for_load_balancer": true
          },
          "sensitive_attributes": [],
          "private": "eyJlMmJmYjczMC1lY2FhLTExZTYtOGY4OC0zNDM2M2JjN2M0YzAiOnsiY3JlYXRlIjo2MDAwMDAwMDAwMDB9LCJzY2hlbWFfdmVyc2lvbiI6IjEifQ==",
          "dependencies": [
            "data.aws_eks_cluster.default",
            "data.aws_eks_cluster_auth.default"
          ]
        }
      ]
    },
    {
      "mode": "managed",
      "type": "kubernetes_service_account",
      "name": "db_produto_mysql_service_account",
      "provider": "provider[\"registry.terraform.io/hashicorp/kubernetes\"]",
      "instances": [
        {
          "schema_version": 0,
          "attributes": {
            "automount_service_account_token": true,
            "default_secret_name": "",
            "id": "default/db-produto-mysql-service-account",
            "image_pull_secret": [],
            "metadata": [
              {
                "annotations": {
                  "eks.amazonaws.com/role-arn": "arn:aws:iam::717279688908:role/iam-role-for-db-produto"
                },
                "generate_name": "",
                "generation": 0,
                "labels": null,
                "name": "db-produto-mysql-service-account",
                "namespace": "default",
                "resource_version": "5413",
                "uid": "0874953d-975a-443a-b0db-ea518af3d8cd"
              }
            ],
            "secret": [],
            "timeouts": null
          },
          "sensitive_attributes": [],
          "private": "eyJlMmJmYjczMC1lY2FhLTExZTYtOGY4OC0zNDM2M2JjN2M0YzAiOnsiY3JlYXRlIjozMDAwMDAwMDAwMH19",
          "dependencies": [
            "aws_iam_role.db_produto_mysql_access_role",
            "data.aws_eks_cluster.default",
            "data.aws_eks_cluster_auth.default"
          ]
        }
      ]
    },
    {
      "mode": "managed",
      "type": "tls_private_key",
      "name": "tls_private",
      "provider": "provider[\"registry.terraform.io/hashicorp/tls\"]",
      "instances": [
        {
          "schema_version": 1,
          "attributes": {
            "algorithm": "RSA",
            "ecdsa_curve": "P384",
            "id": "86ac2d241450aed6f4b75b3018fa15d5e996d2fe",
            "private_key_openssh": "-----BEGIN OPENSSH PRIVATE KEY-----\nb3BlbnNzaC1rZXktdjEAAAAABG5vbmUAAAAEbm9uZQAAAAAAAAABAAABFwAAAAdz\nc2gtcnNhAAAAAwEAAQAAAQEArl1h3EsKIOjK1e98pAXvVPbaGK4uZ2TtLwSMpYNe\nQ2dBLFMvpyH28/RHrmlVCkZrzHXPg6S/CykdBVghLIvobxn4q0xhimE6KjNYWU2M\nZcvby9UWV6+pffhVdMSJGM7+5++wCQ/D5rOBP4UPV8Yb91JJzJmw4QhL2igxxbVw\nApYZOoQaUSZ4xcd5lf4eimUYGDVk+ImapGKukzeyYrq9S2d0rD7ihftq821VYtny\nDChoAVGxS4YnPupPkOgXytwh85p1gYSOCoWOo1HTzRuiDGk7F8+cq+Y1COgfOs8F\njQzZ2e7FTzhfRG7M0KU0S1IBMrM/xHfHxMJrlJSN6rcNmwAAA7hBTX9KQU1/SgAA\nAAdzc2gtcnNhAAABAQCuXWHcSwog6MrV73ykBe9U9toYri5nZO0vBIylg15DZ0Es\nUy+nIfbz9EeuaVUKRmvMdc+DpL8LKR0FWCEsi+hvGfirTGGKYToqM1hZTYxly9vL\n1RZXr6l9+FV0xIkYzv7n77AJD8Pms4E/hQ9Xxhv3UknMmbDhCEvaKDHFtXAClhk6\nhBpRJnjFx3mV/h6KZRgYNWT4iZqkYq6TN7Jiur1LZ3SsPuKF+2rzbVVi2fIMKGgB\nUbFLhic+6k+Q6BfK3CHzmnWBhI4KhY6jUdPNG6IMaTsXz5yr5jUI6B86zwWNDNnZ\n7sVPOF9EbszQpTRLUgEysz/Ed8fEwmuUlI3qtw2bAAAAAwEAAQAAAQBk+S7yo4H6\nDNVpjoZfdhBi45DpOfUlawzvbXMFZk3wOptDT+kIoGKiY5QfLGBS0vUaMh853O3F\nSMnFjoOniF3R+PhIOrNBr4w/Y/yFuqLTUHq4T23g2ZkNmgHi3O2HsFdteSA4HykT\nMGBoqGV6Lv+C+eRC173WkzdZ3mz0UV3MIKqrItGREJgBiJkumgxfXG72tp9OuVKm\nZL6GsHyCu9KVVDP67mNWAt9PDe/WYK9FhrQ5K4yzU1JstxYhcE7dd6figUYYLa2J\n1MSwGQ/m/Hg2pa2ZrlCHOzsqKTmcLHjB2gRpW6orowF3cEyX/pNn6xt0NOseRGCp\nrhwTjbQNwboBAAAAgDlTFTeahcRK5EVn0jmnr8Fjo2eHeuj1mxha3d6wwSWgUHRP\n7QwpI0A8h0bK0XY6FIQ70WrlBThvkYA685l7V6ln50gfAeV5GcTkRNpml+OKiWzu\n8KtzvjCBr944Dtpk1j9RqfacjQDjUpfrsjxbClh8ZpoIUPy5SZkC6md/m1awAAAA\ngQDix0/a2JCkfxzfZq9JuJgWhApFRdf7Agr4VkNkuPWIPB3n9hKFx/KD9V3WQKHU\nEUOOPyGCbxkVs9GV74YlRJxdsRL3zvpEmoID3Lw4KRnX+IHhXWye7poiWNtgw0RY\nt88FTv+g7SUIJs8C92wi4AvnEXZ6k0ewgF8tJDJZHCNaHQAAAIEAxNUcGESM6wi2\ngoAfYLxfQcX+FAGHhfMhEXdZTOLOj5oIuzvE+yXRSN49skLqzdtyfc5+SB+ORVj0\ncV7bXKFnA/m5ufbU7tZP2wopQB6G+abpsjtHE9OqmY7+sC8wvVtf5H4yya0aYADL\ny4T3KAomkKMR0gOJ5HJ68uE1QgEnuRcAAAAAAQID\n-----END OPENSSH PRIVATE KEY-----\n",
            "private_key_pem": "-----BEGIN RSA PRIVATE KEY-----\nMIIEowIBAAKCAQEArl1h3EsKIOjK1e98pAXvVPbaGK4uZ2TtLwSMpYNeQ2dBLFMv\npyH28/RHrmlVCkZrzHXPg6S/CykdBVghLIvobxn4q0xhimE6KjNYWU2MZcvby9UW\nV6+pffhVdMSJGM7+5++wCQ/D5rOBP4UPV8Yb91JJzJmw4QhL2igxxbVwApYZOoQa\nUSZ4xcd5lf4eimUYGDVk+ImapGKukzeyYrq9S2d0rD7ihftq821VYtnyDChoAVGx\nS4YnPupPkOgXytwh85p1gYSOCoWOo1HTzRuiDGk7F8+cq+Y1COgfOs8FjQzZ2e7F\nTzhfRG7M0KU0S1IBMrM/xHfHxMJrlJSN6rcNmwIDAQABAoIBAGT5LvKjgfoM1WmO\nhl92EGLjkOk59SVrDO9tcwVmTfA6m0NP6QigYqJjlB8sYFLS9RoyHznc7cVIycWO\ng6eIXdH4+Eg6s0GvjD9j/IW6otNQerhPbeDZmQ2aAeLc7YewV215IDgfKRMwYGio\nZXou/4L55ELXvdaTN1nebPRRXcwgqqsi0ZEQmAGImS6aDF9cbva2n065UqZkvoaw\nfIK70pVUM/ruY1YC308N79Zgr0WGtDkrjLNTUmy3FiFwTt13p+KBRhgtrYnUxLAZ\nD+b8eDalrZmuUIc7OyopOZwseMHaBGlbqiujAXdwTJf+k2frG3Q06x5EYKmuHBON\ntA3BugECgYEA4sdP2tiQpH8c32avSbiYFoQKRUXX+wIK+FZDZLj1iDwd5/YShcfy\ng/Vd1kCh1BFDjj8hgm8ZFbPRle+GJUScXbES9876RJqCA9y8OCkZ1/iB4V1snu6a\nIljbYMNEWLfPBU7/oO0lCCbPAvdsIuAL5xF2epNHsIBfLSQyWRwjWh0CgYEAxNUc\nGESM6wi2goAfYLxfQcX+FAGHhfMhEXdZTOLOj5oIuzvE+yXRSN49skLqzdtyfc5+\nSB+ORVj0cV7bXKFnA/m5ufbU7tZP2wopQB6G+abpsjtHE9OqmY7+sC8wvVtf5H4y\nya0aYADLy4T3KAomkKMR0gOJ5HJ68uE1QgEnuRcCgYEAuogapPXRM5zikNcTg130\nq0B8ejJSzsIFZ/L8iBKi0yYvqyZ6YdPvJJ9kSeDru1Vf7db7px/e0D0SPXPBMVJY\nE7Cc23xB2sAEBU1A/CjCeySLIGYJ/EhiO7I+8D5tL1QxUjqChUnKVgQl7li5d441\n/CAfBf+yzfkpUCYfy7AbW/kCgYAsxXi1gGo5T+sLtg7tFwvnzxxi+pIUAuCDs40J\ncxGfEl9oD0lYAxseowaPlK8KEh9xxFVvHFZlKb24R+ZHpKLlAZmgVifLB850OVR2\ntDrpcHD5zIf3V48XjLIb6y//8lfWhmoQ+6HjMmsoqN77KYvqHF2CUrG719plgpp1\noAOkEwKBgDlTFTeahcRK5EVn0jmnr8Fjo2eHeuj1mxha3d6wwSWgUHRP7QwpI0A8\nh0bK0XY6FIQ70WrlBThvkYA685l7V6ln50gfAeV5GcTkRNpml+OKiWzu8KtzvjCB\nr944Dtpk1j9RqfacjQDjUpfrsjxbClh8ZpoIUPy5SZkC6md/m1aw\n-----END RSA PRIVATE KEY-----\n",
            "private_key_pem_pkcs8": "-----BEGIN PRIVATE KEY-----\nMIIEvQIBADANBgkqhkiG9w0BAQEFAASCBKcwggSjAgEAAoIBAQCuXWHcSwog6MrV\n73ykBe9U9toYri5nZO0vBIylg15DZ0EsUy+nIfbz9EeuaVUKRmvMdc+DpL8LKR0F\nWCEsi+hvGfirTGGKYToqM1hZTYxly9vL1RZXr6l9+FV0xIkYzv7n77AJD8Pms4E/\nhQ9Xxhv3UknMmbDhCEvaKDHFtXAClhk6hBpRJnjFx3mV/h6KZRgYNWT4iZqkYq6T\nN7Jiur1LZ3SsPuKF+2rzbVVi2fIMKGgBUbFLhic+6k+Q6BfK3CHzmnWBhI4KhY6j\nUdPNG6IMaTsXz5yr5jUI6B86zwWNDNnZ7sVPOF9EbszQpTRLUgEysz/Ed8fEwmuU\nlI3qtw2bAgMBAAECggEAZPku8qOB+gzVaY6GX3YQYuOQ6Tn1JWsM721zBWZN8Dqb\nQ0/pCKBiomOUHyxgUtL1GjIfOdztxUjJxY6Dp4hd0fj4SDqzQa+MP2P8hbqi01B6\nuE9t4NmZDZoB4tzth7BXbXkgOB8pEzBgaKhlei7/gvnkQte91pM3Wd5s9FFdzCCq\nqyLRkRCYAYiZLpoMX1xu9rafTrlSpmS+hrB8grvSlVQz+u5jVgLfTw3v1mCvRYa0\nOSuMs1NSbLcWIXBO3Xen4oFGGC2tidTEsBkP5vx4NqWtma5Qhzs7Kik5nCx4wdoE\naVuqK6MBd3BMl/6TZ+sbdDTrHkRgqa4cE420DcG6AQKBgQDix0/a2JCkfxzfZq9J\nuJgWhApFRdf7Agr4VkNkuPWIPB3n9hKFx/KD9V3WQKHUEUOOPyGCbxkVs9GV74Yl\nRJxdsRL3zvpEmoID3Lw4KRnX+IHhXWye7poiWNtgw0RYt88FTv+g7SUIJs8C92wi\n4AvnEXZ6k0ewgF8tJDJZHCNaHQKBgQDE1RwYRIzrCLaCgB9gvF9Bxf4UAYeF8yER\nd1lM4s6Pmgi7O8T7JdFI3j2yQurN23J9zn5IH45FWPRxXttcoWcD+bm59tTu1k/b\nCilAHob5pumyO0cT06qZjv6wLzC9W1/kfjLJrRpgAMvLhPcoCiaQoxHSA4nkcnry\n4TVCASe5FwKBgQC6iBqk9dEznOKQ1xODXfSrQHx6MlLOwgVn8vyIEqLTJi+rJnph\n0+8kn2RJ4Ou7VV/t1vunH97QPRI9c8ExUlgTsJzbfEHawAQFTUD8KMJ7JIsgZgn8\nSGI7sj7wPm0vVDFSOoKFScpWBCXuWLl3jjX8IB8F/7LN+SlQJh/LsBtb+QKBgCzF\neLWAajlP6wu2Du0XC+fPHGL6khQC4IOzjQlzEZ8SX2gPSVgDGx6jBo+UrwoSH3HE\nVW8cVmUpvbhH5kekouUBmaBWJ8sHznQ5VHa0OulwcPnMh/dXjxeMshvrL//yV9aG\nahD7oeMyayio3vspi+ocXYJSsbvX2mWCmnWgA6QTAoGAOVMVN5qFxErkRWfSOaev\nwWOjZ4d66PWbGFrd3rDBJaBQdE/tDCkjQDyHRsrRdjoUhDvRauUFOG+RgDrzmXtX\nqWfnSB8B5XkZxORE2maX44qJbO7wq3O+MIGv3jgO2mTWP1Gp9pyNAONSl+uyPFsK\nWHxmmghQ/LlJmQLqZ3+bVrA=\n-----END PRIVATE KEY-----\n",
            "public_key_fingerprint_md5": "e8:34:1d:04:46:40:ab:4f:10:ac:ac:86:05:d9:e8:86",
            "public_key_fingerprint_sha256": "SHA256:1p9l9AIJ+N+ln/d3cuwN2S3bQa3hDjgmtGcE8tecV8U",
            "public_key_openssh": "ssh-rsa AAAAB3NzaC1yc2EAAAADAQABAAABAQCuXWHcSwog6MrV73ykBe9U9toYri5nZO0vBIylg15DZ0EsUy+nIfbz9EeuaVUKRmvMdc+DpL8LKR0FWCEsi+hvGfirTGGKYToqM1hZTYxly9vL1RZXr6l9+FV0xIkYzv7n77AJD8Pms4E/hQ9Xxhv3UknMmbDhCEvaKDHFtXAClhk6hBpRJnjFx3mV/h6KZRgYNWT4iZqkYq6TN7Jiur1LZ3SsPuKF+2rzbVVi2fIMKGgBUbFLhic+6k+Q6BfK3CHzmnWBhI4KhY6jUdPNG6IMaTsXz5yr5jUI6B86zwWNDNnZ7sVPOF9EbszQpTRLUgEysz/Ed8fEwmuUlI3qtw2b\n",
            "public_key_pem": "-----BEGIN PUBLIC KEY-----\nMIIBIjANBgkqhkiG9w0BAQEFAAOCAQ8AMIIBCgKCAQEArl1h3EsKIOjK1e98pAXv\nVPbaGK4uZ2TtLwSMpYNeQ2dBLFMvpyH28/RHrmlVCkZrzHXPg6S/CykdBVghLIvo\nbxn4q0xhimE6KjNYWU2MZcvby9UWV6+pffhVdMSJGM7+5++wCQ/D5rOBP4UPV8Yb\n91JJzJmw4QhL2igxxbVwApYZOoQaUSZ4xcd5lf4eimUYGDVk+ImapGKukzeyYrq9\nS2d0rD7ihftq821VYtnyDChoAVGxS4YnPupPkOgXytwh85p1gYSOCoWOo1HTzRui\nDGk7F8+cq+Y1COgfOs8FjQzZ2e7FTzhfRG7M0KU0S1IBMrM/xHfHxMJrlJSN6rcN\nmwIDAQAB\n-----END PUBLIC KEY-----\n",
            "rsa_bits": 2048
          },
          "sensitive_attributes": [
            [
              {
                "type": "get_attr",
                "value": "private_key_openssh"
              }
            ],
            [
              {
                "type": "get_attr",
                "value": "private_key_pem_pkcs8"
              }
            ],
            [
              {
                "type": "get_attr",
                "value": "private_key_pem"
              }
            ]
          ]
        }
      ]
    }
  ],
  "check_results": null
}
