{
  "version": 4,
  "terraform_version": "1.10.5",
  "serial": 158,
  "lineage": "73f21eb0-c386-00fb-3e4d-4822df5f94d1",
  "outputs": {
    "pem": {
      "value": "-----BEGIN RSA PRIVATE KEY-----\nMIIEowIBAAKCAQEArDnM6AwiTx+mRPHZk9L0uho4BQw5lmZQ0A9/ydz7h4lV8Xu7\nFNetQcGEIx8xjuZoOpavY33Ac/+PasVj179NJrwTsB6dy5V/oYiXOkn4UWji8TNs\nAXdQTtcypJhch23AGKak6+9REbRPU0z76stqMeW30WOlPVCbqerAvzt9T76MnGAs\n4yOYhDSvbDc4evRPyCsvx3vaVe04+utFBd6cdkB4htnxVWzLnvU0ob6eMyQ03shP\nJgeTzY2LY0Os3CLjjnn6kVxC2hqD0we7Pksl0bgruPnS4p/8sS8x+++hL3jgccFi\nwljup5322QmcpWf43YYmgSZn94Oms/rUc4zFRQIDAQABAoIBAQCMriYnggngcezi\nMl/U9SO8hMAvt12u8eKfIZnzrVO00cTnHXeivc4jgUxLWCamIKUQ/pdDgKvc1Os0\nfwpgaD5AHq9CVK/2ZSa9LxLApT12WmPOPH/D7s8lp3kRo/cpFMguGqlqo7Cn8o49\ncAvzLbeQDKILIwcNv7N3p29Mhe6FXLzdOWRA8XGzKJJ1zwsPcZHTPNiMQDeBgkOW\nWQ6LV40P1/ts2BuJhFaW+20EkodTuZOis8TO/Q1/FYMKUrbF6F/Ud/g+GH9sUbRu\noHuLZ5MdmUVOPLIgSuaOW0/krUxb4BhlBmmsj8QCrHEI6cJYYqp4DU9XqXlsQioS\nvKzXeZm9AoGBAMyKJbSi4K7Y/0Bhq/EN/pjNhldpSroeW97tv0Dh5e0FaR4m17sz\nwJrFBlfXd00t2EeIBBVPGnjTU105xCOxEcfbjcN/M1oPFcySmNyt1Qnz7skCV9Xy\nbwzyZ4tOn4N8zmVB1XsADV7g3TAlyBHnzwY8KBc6jSNRn6D5Jm0JLBFTAoGBANeO\nZ2Uu5ia/ZIUlodnjrVnNA8VVsMGjV87uuxZkUaFhKReVla9JqngAqcaHjSZh3m86\nmlFm8JC3gKwwtfSjWuDJ/Nuy9/eF1JcJs8/jel4Bt62OOpQHVhz+AS7sfQKaCm7E\ne6lPR2JVtPYEcowyzn0j7eYC3a9qFT9pdDbPQQQHAoGAfF4vqRM0fPxS0CnTa6Iv\nwWeOnQ3Xsy2MfROgq+nvbVxR21SQ7jH8ld7hCX5o+xO6I1xv5ykPFpKgaNocCfu7\nrQMxwsJQTh1ICvjEW8KS/BdHhQ+Yqu1bWsr17L2kvkWgFe+ex8hzWNJvi7wdV83U\nkpz3X5BpiyUxY6a7F6dxFSMCgYA+mQQ9xhjgN8ShRgRymkPFSFxH+lKSaTUeywVZ\nw1hRXT3ps278sI/ouYiUNtkuxE0sUABwk0xZOnELkDnHCYlirkXYJ2kLYLoUAqVN\nQepPUoBczmkEg/zl/n2petPy5XkSIc0npfY9AFbE+xWo0ThV7xEvMrXeMxhoid9N\n63IeEQKBgAGo8WEUc6esjiPVBP06sIHrnBdZqEs9fFrTLOFu1pya9qSZ0PsAXT+z\nimTfK6x9c4/XrpuPVQi0nGpHQgHccK27dkO0ZCp7mlHHuSmMNzKbv+KxKRpTP2SS\nhGazvMxKqobpZSSlc3i1M0c+uE5jhinXRcpiCr/oT9RAC/sHTcbn\n-----END RSA PRIVATE KEY-----\n",
      "type": "string",
      "sensitive": true
    }
  },
  "resources": [
    {
      "mode": "data",
      "type": "aws_eks_cluster",
      "name": "default",
      "provider": "provider[\"registry.terraform.io/hashicorp/aws\"]",
      "instances": [
        {
          "schema_version": 0,
          "attributes": {
            "access_config": [
              {
                "authentication_mode": "CONFIG_MAP",
                "bootstrap_cluster_creator_admin_permissions": true
              }
            ],
            "arn": "arn:aws:eks:us-east-1:717279688908:cluster/restaurante-cluster2",
            "certificate_authority": [
              {
                "data": "LS0tLS1CRUdJTiBDRVJUSUZJQ0FURS0tLS0tCk1JSURCVENDQWUyZ0F3SUJBZ0lJTnFDLytuRGJJeWd3RFFZSktvWklodmNOQVFFTEJRQXdGVEVUTUJFR0ExVUUKQXhNS2EzVmlaWEp1WlhSbGN6QWVGdzB5TlRBeU1Ea3hORE0zTURGYUZ3MHpOVEF5TURjeE5EUXlNREZhTUJVeApFekFSQmdOVkJBTVRDbXQxWW1WeWJtVjBaWE13Z2dFaU1BMEdDU3FHU0liM0RRRUJBUVVBQTRJQkR3QXdnZ0VLCkFvSUJBUURNenR1VUMyUDB5SUo1MVpDMEU1bm5xdTVvRDlaQVRnRElmWm1PR3BXV09hbjI1cmpISHkzV3ZDNHYKSGdjWE96c3JLcWYvSC9uYkpBSDErMFNEN0xaUEpZbjJ5Slk3V25ybmpwSlhhQyt6L2tSeFJFeHRrWkhGaTRQMQorNllJNlRCRXlMUjFPNlpyMlZyZ2ZnRjN4L3k0WFFLQ25lbWN2T3N3dUFzMHpvYlVXN00vTkJja3FPSHdGK1MzCkdKUHBocStHaThQT2haUFBTaEVsaHVWSHU2a01kYlR2UHFkZ2JjZXcvcXJqWGl4RUV1SlhHQ0VoQVdBVEQxT0YKbDkra3JzaFhyNzFScXlRR2dDWnB3MnBiN3BTTTI3MTM2N3RXNktCQlBkRHBkdmtpTUxCSUJHY1E5L0NVcHl2aAo1ekJ0amRTTGFOaml2MHBIUTVTeFlWR0hFN3U5QWdNQkFBR2pXVEJYTUE0R0ExVWREd0VCL3dRRUF3SUNwREFQCkJnTlZIUk1CQWY4RUJUQURBUUgvTUIwR0ExVWREZ1FXQkJRQzYxdnhvajcvM2ZxZTROZ3JUMHhkeDlrZ0d6QVYKQmdOVkhSRUVEakFNZ2dwcmRXSmxjbTVsZEdWek1BMEdDU3FHU0liM0RRRUJDd1VBQTRJQkFRQVlwcEVrZFJDbgpqdWgxQmlJNzVmdUc2anpsUXJ2dEFhaUJzTlZYamwyd2p0UFZsMHkrQXhQc3hmOGw5ajZoUmw3ajVISVpEN2g1CmpyaWwydzNsWm14YmZEc0NpRlNha0tpTGtHZk9FM2pVcU41NEZVbXkwZGp6NkFpRTFNVTMwYXhISEhFaDdsMDEKeGNNWVIrNENuTlVaRUJiMTJrcVN3Z0NvdlhtRitEM3c2b21FdkdKaEtTV1BNTDJuVWdUT1RqbkRTY1k3T0h5RApjTkFkSHkyTzU0TlIrSXEzMXdUek9SVmRvQ3V1UTZTM1lTL05IMEJkZXdTMkNQQnF5UWdvWjFMZVM4UkhJUGJ5Ci9ITFhPRXd4c1lZa2hnT0d5UHl3dFNWNG5nOFJOTmZQcXBoVEFEUzdqRHR0cnpSZHJIdXJ4eEk4REFWZjJrTFUKMWVlUnZjK2hwR0d0Ci0tLS0tRU5EIENFUlRJRklDQVRFLS0tLS0K"
              }
            ],
            "cluster_id": null,
            "compute_config": [],
            "created_at": "2025-02-09T14:36:42Z",
            "enabled_cluster_log_types": [
              "api",
              "audit",
              "authenticator",
              "controllerManager",
              "scheduler"
            ],
            "endpoint": "https://EA88FF59BFD9AD35E500CAB794F57F4B.gr7.us-east-1.eks.amazonaws.com",
            "id": "restaurante-cluster2",
            "identity": [
              {
                "oidc": [
                  {
                    "issuer": "https://oidc.eks.us-east-1.amazonaws.com/id/EA88FF59BFD9AD35E500CAB794F57F4B"
                  }
                ]
              }
            ],
            "kubernetes_network_config": [
              {
                "elastic_load_balancing": [
                  {
                    "enabled": false
                  }
                ],
                "ip_family": "ipv4",
                "service_ipv4_cidr": "10.100.0.0/16",
                "service_ipv6_cidr": ""
              }
            ],
            "name": "restaurante-cluster2",
            "outpost_config": [],
            "platform_version": "eks.18",
            "remote_network_config": [],
            "role_arn": "arn:aws:iam::717279688908:role/eks-node-role",
            "status": "ACTIVE",
            "storage_config": [],
            "tags": {},
            "upgrade_policy": [
              {
                "support_type": "EXTENDED"
              }
            ],
            "version": "1.31",
            "vpc_config": [
              {
                "cluster_security_group_id": "sg-0695bd7c8b5bf5db9",
                "endpoint_private_access": true,
                "endpoint_public_access": true,
                "public_access_cidrs": [
                  "0.0.0.0/0"
                ],
                "security_group_ids": [
                  "sg-0830d0835664b37f3"
                ],
                "subnet_ids": [
                  "subnet-02e5a2960cbaf6259",
                  "subnet-0ba1d16a81898b46b"
                ],
                "vpc_id": "vpc-0bb3319f6293b884b"
              }
            ],
            "zonal_shift_config": []
          },
          "sensitive_attributes": []
        }
      ]
    },
    {
      "mode": "data",
      "type": "aws_eks_cluster_auth",
      "name": "default",
      "provider": "provider[\"registry.terraform.io/hashicorp/aws\"]",
      "instances": [
        {
          "schema_version": 0,
          "attributes": {
            "id": "restaurante-cluster2",
            "name": "restaurante-cluster2",
            "token": "k8s-aws-v1.aHR0cHM6Ly9zdHMudXMtZWFzdC0xLmFtYXpvbmF3cy5jb20vP0FjdGlvbj1HZXRDYWxsZXJJZGVudGl0eSZWZXJzaW9uPTIwMTEtMDYtMTUmWC1BbXotQWxnb3JpdGhtPUFXUzQtSE1BQy1TSEEyNTYmWC1BbXotQ3JlZGVudGlhbD1BS0lBMk9BSlRQREdLTUxDUjMyVCUyRjIwMjUwMjA5JTJGdXMtZWFzdC0xJTJGc3RzJTJGYXdzNF9yZXF1ZXN0JlgtQW16LURhdGU9MjAyNTAyMDlUMTQ1NzU3WiZYLUFtei1FeHBpcmVzPTAmWC1BbXotU2lnbmVkSGVhZGVycz1ob3N0JTNCeC1rOHMtYXdzLWlkJlgtQW16LVNpZ25hdHVyZT05MjAxNjJiZDEzYjQ2MGQ0Y2YzOTAyNTNhNmE5NWVlMWU0ZGY5OTAxOGI2N2RiMGFiYjI4ODM0OWIxMWVhZjk4"
          },
          "sensitive_attributes": [
            [
              {
                "type": "get_attr",
                "value": "token"
              }
            ]
          ]
        }
      ]
    },
    {
      "mode": "managed",
      "type": "aws_db_instance",
      "name": "mysql_rds_produto",
      "provider": "provider[\"registry.terraform.io/hashicorp/aws\"]",
      "instances": [
        {
          "schema_version": 2,
          "attributes": {
            "address": "produto-mysql.cvyga2i021ho.us-east-1.rds.amazonaws.com",
            "allocated_storage": 20,
            "allow_major_version_upgrade": null,
            "apply_immediately": false,
            "arn": "arn:aws:rds:us-east-1:717279688908:db:produto-mysql",
            "auto_minor_version_upgrade": true,
            "availability_zone": "us-east-1b",
            "backup_retention_period": 0,
            "backup_target": "region",
            "backup_window": "09:42-10:12",
            "blue_green_update": [],
            "ca_cert_identifier": "rds-ca-rsa2048-g1",
            "character_set_name": "",
            "copy_tags_to_snapshot": false,
            "custom_iam_instance_profile": "",
            "customer_owned_ip_enabled": false,
            "db_name": "produto_db",
            "db_subnet_group_name": "my-rds-subnet-group-ms-produto",
            "dedicated_log_volume": false,
            "delete_automated_backups": true,
            "deletion_protection": false,
            "domain": "",
            "domain_auth_secret_arn": "",
            "domain_dns_ips": null,
            "domain_fqdn": "",
            "domain_iam_role_name": "",
            "domain_ou": "",
            "enabled_cloudwatch_logs_exports": null,
            "endpoint": "produto-mysql.cvyga2i021ho.us-east-1.rds.amazonaws.com:3306",
            "engine": "mysql",
            "engine_lifecycle_support": "open-source-rds-extended-support",
            "engine_version": "8.0",
            "engine_version_actual": "8.0.40",
            "final_snapshot_identifier": null,
            "hosted_zone_id": "Z2R2ITUGPM61AM",
            "iam_database_authentication_enabled": false,
            "id": "db-X6OQTIJX63DOHSJ43UBO2XMVGI",
            "identifier": "produto-mysql",
            "identifier_prefix": "",
            "instance_class": "db.t3.micro",
            "iops": 0,
            "kms_key_id": "",
            "latest_restorable_time": "",
            "license_model": "general-public-license",
            "listener_endpoint": [],
            "maintenance_window": "sat:04:14-sat:04:44",
            "manage_master_user_password": null,
            "master_user_secret": [],
            "master_user_secret_kms_key_id": null,
            "max_allocated_storage": 0,
            "monitoring_interval": 0,
            "monitoring_role_arn": "",
            "multi_az": false,
            "nchar_character_set_name": "",
            "network_type": "IPV4",
            "option_group_name": "default:mysql-8-0",
            "parameter_group_name": "default.mysql8.0",
            "password": "produto_user_pass",
            "performance_insights_enabled": false,
            "performance_insights_kms_key_id": "",
            "performance_insights_retention_period": 0,
            "port": 3306,
            "publicly_accessible": false,
            "replica_mode": "",
            "replicas": [],
            "replicate_source_db": "",
            "resource_id": "db-X6OQTIJX63DOHSJ43UBO2XMVGI",
            "restore_to_point_in_time": [],
            "s3_import": [],
            "skip_final_snapshot": true,
            "snapshot_identifier": null,
            "status": "available",
            "storage_encrypted": false,
            "storage_throughput": 0,
            "storage_type": "gp2",
            "tags": null,
            "tags_all": {},
            "timeouts": null,
            "timezone": "",
            "upgrade_storage_config": null,
            "username": "produto_user",
            "vpc_security_group_ids": [
              "sg-0165bc26cf7a48a9b"
            ]
          },
          "sensitive_attributes": [
            [
              {
                "type": "get_attr",
                "value": "password"
              }
            ]
          ],
          "private": "eyJlMmJmYjczMC1lY2FhLTExZTYtOGY4OC0zNDM2M2JjN2M0YzAiOnsiY3JlYXRlIjozMDAwMDAwMDAwMDAwLCJkZWxldGUiOjM2MDAwMDAwMDAwMDAsInVwZGF0ZSI6NDgwMDAwMDAwMDAwMH0sInNjaGVtYV92ZXJzaW9uIjoiMiJ9",
          "dependencies": [
            "aws_db_subnet_group.rds_subnet_group",
            "aws_security_group.rds_sg"
          ]
        }
      ]
    },
    {
      "mode": "managed",
      "type": "aws_db_subnet_group",
      "name": "rds_subnet_group",
      "provider": "provider[\"registry.terraform.io/hashicorp/aws\"]",
      "instances": [
        {
          "schema_version": 0,
          "attributes": {
            "arn": "arn:aws:rds:us-east-1:717279688908:subgrp:my-rds-subnet-group-ms-produto",
            "description": "Managed by Terraform",
            "id": "my-rds-subnet-group-ms-produto",
            "name": "my-rds-subnet-group-ms-produto",
            "name_prefix": "",
            "subnet_ids": [
              "subnet-02e5a2960cbaf6259",
              "subnet-057aa3ff60937097d",
              "subnet-0ba1d16a81898b46b"
            ],
            "supported_network_types": [
              "IPV4"
            ],
            "tags": {
              "Name": "My RDS Subnet Group"
            },
            "tags_all": {
              "Name": "My RDS Subnet Group"
            },
            "vpc_id": "vpc-0bb3319f6293b884b"
          },
          "sensitive_attributes": [],
          "private": "bnVsbA=="
        }
      ]
    },
    {
      "mode": "managed",
      "type": "aws_iam_policy",
      "name": "db_produto_mysql_access_policy",
      "provider": "provider[\"registry.terraform.io/hashicorp/aws\"]",
      "instances": [
        {
          "schema_version": 0,
          "attributes": {
            "arn": "arn:aws:iam::717279688908:policy/iam-policy-for-db-produto",
            "attachment_count": 0,
            "description": "IAM policy for RDS production instance",
            "id": "arn:aws:iam::717279688908:policy/iam-policy-for-db-produto",
            "name": "iam-policy-for-db-produto",
            "name_prefix": "",
            "path": "/",
            "policy": "{\"Statement\":[{\"Action\":[\"logs:CreateLogGroup\",\"logs:CreateLogStream\",\"logs:PutLogEvents\",\"rds:DescribeDBInstances\",\"rds:Connect\",\"cloudwatch:PutMetricData\"],\"Effect\":\"Allow\",\"Resource\":\"*\"}],\"Version\":\"2012-10-17\"}",
            "policy_id": "ANPA2OAJTPDGBYJR5RV2S",
            "tags": null,
            "tags_all": {}
          },
          "sensitive_attributes": [],
          "private": "bnVsbA=="
        }
      ]
    },
    {
      "mode": "managed",
      "type": "aws_iam_role",
      "name": "db_produto_mysql_access_role",
      "provider": "provider[\"registry.terraform.io/hashicorp/aws\"]",
      "instances": [
        {
          "schema_version": 0,
          "attributes": {
            "arn": "arn:aws:iam::717279688908:role/iam-role-for-db-produto",
            "assume_role_policy": "{\"Statement\":[{\"Action\":\"sts:AssumeRole\",\"Effect\":\"Allow\",\"Principal\":{\"Service\":\"rds.amazonaws.com\"}}],\"Version\":\"2012-10-17\"}",
            "create_date": "2025-02-09T14:58:01Z",
            "description": "",
            "force_detach_policies": false,
            "id": "iam-role-for-db-produto",
            "inline_policy": [],
            "managed_policy_arns": [],
            "max_session_duration": 3600,
            "name": "iam-role-for-db-produto",
            "name_prefix": "",
            "path": "/",
            "permissions_boundary": "",
            "tags": null,
            "tags_all": {},
            "unique_id": "AROA2OAJTPDGP74THFM3Z"
          },
          "sensitive_attributes": [],
          "private": "bnVsbA=="
        }
      ]
    },
    {
      "mode": "managed",
      "type": "aws_iam_role_policy_attachment",
      "name": "db_produto_mysql_access_policy_attachment",
      "provider": "provider[\"registry.terraform.io/hashicorp/aws\"]",
      "instances": [
        {
          "schema_version": 0,
          "attributes": {
            "id": "iam-role-for-db-produto-20250209145801617600000003",
            "policy_arn": "arn:aws:iam::717279688908:policy/iam-policy-for-db-produto",
            "role": "iam-role-for-db-produto"
          },
          "sensitive_attributes": [],
          "private": "bnVsbA==",
          "dependencies": [
            "aws_iam_policy.db_produto_mysql_access_policy",
            "aws_iam_role.db_produto_mysql_access_role"
          ]
        }
      ]
    },
    {
      "mode": "managed",
      "type": "aws_instance",
      "name": "db_client_produto",
      "provider": "provider[\"registry.terraform.io/hashicorp/aws\"]",
      "instances": [
        {
          "schema_version": 1,
          "attributes": {
            "ami": "ami-0ebfd941bbafe70c6",
            "arn": "arn:aws:ec2:us-east-1:717279688908:instance/i-0d16884d85789d2f4",
            "associate_public_ip_address": true,
            "availability_zone": "us-east-1a",
            "capacity_reservation_specification": [
              {
                "capacity_reservation_preference": "open",
                "capacity_reservation_target": []
              }
            ],
            "cpu_core_count": 1,
            "cpu_options": [
              {
                "amd_sev_snp": "",
                "core_count": 1,
                "threads_per_core": 1
              }
            ],
            "cpu_threads_per_core": 1,
            "credit_specification": [
              {
                "cpu_credits": "standard"
              }
            ],
            "disable_api_stop": false,
            "disable_api_termination": false,
            "ebs_block_device": [],
            "ebs_optimized": false,
            "enable_primary_ipv6": null,
            "enclave_options": [
              {
                "enabled": false
              }
            ],
            "ephemeral_block_device": [],
            "get_password_data": false,
            "hibernation": false,
            "host_id": "",
            "host_resource_group_arn": null,
            "iam_instance_profile": "",
            "id": "i-0d16884d85789d2f4",
            "instance_initiated_shutdown_behavior": "stop",
            "instance_lifecycle": "",
            "instance_market_options": [],
            "instance_state": "running",
            "instance_type": "t2.micro",
            "ipv6_address_count": 0,
            "ipv6_addresses": [],
            "key_name": "chave-fiap-ms-produto",
            "launch_template": [],
            "maintenance_options": [
              {
                "auto_recovery": "default"
              }
            ],
            "metadata_options": [
              {
                "http_endpoint": "enabled",
                "http_protocol_ipv6": "disabled",
                "http_put_response_hop_limit": 2,
                "http_tokens": "required",
                "instance_metadata_tags": "disabled"
              }
            ],
            "monitoring": false,
            "network_interface": [],
            "outpost_arn": "",
            "password_data": "",
            "placement_group": "",
            "placement_partition_number": 0,
            "primary_network_interface_id": "eni-09f32f54598d19368",
            "private_dns": "ip-172-31-93-145.ec2.internal",
            "private_dns_name_options": [
              {
                "enable_resource_name_dns_a_record": false,
                "enable_resource_name_dns_aaaa_record": false,
                "hostname_type": "ip-name"
              }
            ],
            "private_ip": "172.31.93.145",
            "public_dns": "ec2-3-83-213-57.compute-1.amazonaws.com",
            "public_ip": "3.83.213.57",
            "root_block_device": [
              {
                "delete_on_termination": true,
                "device_name": "/dev/xvda",
                "encrypted": false,
                "iops": 3000,
                "kms_key_id": "",
                "tags": {},
                "tags_all": {},
                "throughput": 125,
                "volume_id": "vol-0c6b2c509ee90022a",
                "volume_size": 8,
                "volume_type": "gp3"
              }
            ],
            "secondary_private_ips": [],
            "security_groups": [
              "ssh_cluster_ms_produto"
            ],
            "source_dest_check": true,
            "spot_instance_request_id": "",
            "subnet_id": "subnet-0ba1d16a81898b46b",
            "tags": null,
            "tags_all": {},
            "tenancy": "default",
            "timeouts": null,
            "user_data": null,
            "user_data_base64": null,
            "user_data_replace_on_change": false,
            "volume_tags": null,
            "vpc_security_group_ids": [
              "sg-09de9e5fa0a8f7fc4"
            ]
          },
          "sensitive_attributes": [],
          "private": "eyJlMmJmYjczMC1lY2FhLTExZTYtOGY4OC0zNDM2M2JjN2M0YzAiOnsiY3JlYXRlIjo2MDAwMDAwMDAwMDAsImRlbGV0ZSI6MTIwMDAwMDAwMDAwMCwicmVhZCI6OTAwMDAwMDAwMDAwLCJ1cGRhdGUiOjYwMDAwMDAwMDAwMH0sInNjaGVtYV92ZXJzaW9uIjoiMSJ9",
          "dependencies": [
            "aws_db_instance.mysql_rds_produto",
            "aws_db_subnet_group.rds_subnet_group",
            "aws_key_pair.generated_key",
            "aws_security_group.rds_sg",
            "aws_security_group.ssh_cluster_ms_produto",
            "tls_private_key.tls_private"
          ]
        }
      ]
    },
    {
      "mode": "managed",
      "type": "aws_key_pair",
      "name": "generated_key",
      "provider": "provider[\"registry.terraform.io/hashicorp/aws\"]",
      "instances": [
        {
          "schema_version": 1,
          "attributes": {
            "arn": "arn:aws:ec2:us-east-1:717279688908:key-pair/chave-fiap-ms-produto",
            "fingerprint": "89:05:ed:16:be:7e:4a:80:db:cf:ae:b8:41:12:da:65",
            "id": "chave-fiap-ms-produto",
            "key_name": "chave-fiap-ms-produto",
            "key_name_prefix": "",
            "key_pair_id": "key-0bbee081a1270256a",
            "key_type": "rsa",
            "public_key": "ssh-rsa AAAAB3NzaC1yc2EAAAADAQABAAABAQCsOczoDCJPH6ZE8dmT0vS6GjgFDDmWZlDQD3/J3PuHiVXxe7sU161BwYQjHzGO5mg6lq9jfcBz/49qxWPXv00mvBOwHp3LlX+hiJc6SfhRaOLxM2wBd1BO1zKkmFyHbcAYpqTr71ERtE9TTPvqy2ox5bfRY6U9UJup6sC/O31PvoycYCzjI5iENK9sNzh69E/IKy/He9pV7Tj660UF3px2QHiG2fFVbMue9TShvp4zJDTeyE8mB5PNjYtjQ6zcIuOOefqRXELaGoPTB7s+SyXRuCu4+dLin/yxLzH776EveOBxwWLCWO6nnfbZCZylZ/jdhiaBJmf3g6az+tRzjMVF",
            "tags": null,
            "tags_all": {}
          },
          "sensitive_attributes": [],
          "private": "eyJzY2hlbWFfdmVyc2lvbiI6IjEifQ==",
          "dependencies": [
            "tls_private_key.tls_private"
          ]
        }
      ]
    },
    {
      "mode": "managed",
      "type": "aws_secretsmanager_secret",
      "name": "produto",
      "provider": "provider[\"registry.terraform.io/hashicorp/aws\"]",
      "instances": [
        {
          "schema_version": 0,
          "attributes": {
            "arn": "arn:aws:secretsmanager:us-east-1:717279688908:secret:keypair-ms-produto-v3-jp9SXw",
            "description": "",
            "force_overwrite_replica_secret": false,
            "id": "arn:aws:secretsmanager:us-east-1:717279688908:secret:keypair-ms-produto-v3-jp9SXw",
            "kms_key_id": "",
            "name": "keypair-ms-produto-v3",
            "name_prefix": "",
            "policy": "",
            "recovery_window_in_days": 30,
            "replica": [],
            "tags": null,
            "tags_all": {}
          },
          "sensitive_attributes": [],
          "private": "bnVsbA=="
        }
      ]
    },
    {
      "mode": "managed",
      "type": "aws_secretsmanager_secret_version",
      "name": "produto",
      "provider": "provider[\"registry.terraform.io/hashicorp/aws\"]",
      "instances": [
        {
          "schema_version": 0,
          "attributes": {
            "arn": "arn:aws:secretsmanager:us-east-1:717279688908:secret:keypair-ms-produto-v3-jp9SXw",
            "id": "arn:aws:secretsmanager:us-east-1:717279688908:secret:keypair-ms-produto-v3-jp9SXw|terraform-20250209145801300500000002",
            "secret_binary": "",
            "secret_id": "arn:aws:secretsmanager:us-east-1:717279688908:secret:keypair-ms-produto-v3-jp9SXw",
            "secret_string": "{\"KeyName\":\"chave-fiap-ms-produto\",\"PEM\":\"-----BEGIN RSA PRIVATE KEY-----\\nMIIEowIBAAKCAQEArDnM6AwiTx+mRPHZk9L0uho4BQw5lmZQ0A9/ydz7h4lV8Xu7\\nFNetQcGEIx8xjuZoOpavY33Ac/+PasVj179NJrwTsB6dy5V/oYiXOkn4UWji8TNs\\nAXdQTtcypJhch23AGKak6+9REbRPU0z76stqMeW30WOlPVCbqerAvzt9T76MnGAs\\n4yOYhDSvbDc4evRPyCsvx3vaVe04+utFBd6cdkB4htnxVWzLnvU0ob6eMyQ03shP\\nJgeTzY2LY0Os3CLjjnn6kVxC2hqD0we7Pksl0bgruPnS4p/8sS8x+++hL3jgccFi\\nwljup5322QmcpWf43YYmgSZn94Oms/rUc4zFRQIDAQABAoIBAQCMriYnggngcezi\\nMl/U9SO8hMAvt12u8eKfIZnzrVO00cTnHXeivc4jgUxLWCamIKUQ/pdDgKvc1Os0\\nfwpgaD5AHq9CVK/2ZSa9LxLApT12WmPOPH/D7s8lp3kRo/cpFMguGqlqo7Cn8o49\\ncAvzLbeQDKILIwcNv7N3p29Mhe6FXLzdOWRA8XGzKJJ1zwsPcZHTPNiMQDeBgkOW\\nWQ6LV40P1/ts2BuJhFaW+20EkodTuZOis8TO/Q1/FYMKUrbF6F/Ud/g+GH9sUbRu\\noHuLZ5MdmUVOPLIgSuaOW0/krUxb4BhlBmmsj8QCrHEI6cJYYqp4DU9XqXlsQioS\\nvKzXeZm9AoGBAMyKJbSi4K7Y/0Bhq/EN/pjNhldpSroeW97tv0Dh5e0FaR4m17sz\\nwJrFBlfXd00t2EeIBBVPGnjTU105xCOxEcfbjcN/M1oPFcySmNyt1Qnz7skCV9Xy\\nbwzyZ4tOn4N8zmVB1XsADV7g3TAlyBHnzwY8KBc6jSNRn6D5Jm0JLBFTAoGBANeO\\nZ2Uu5ia/ZIUlodnjrVnNA8VVsMGjV87uuxZkUaFhKReVla9JqngAqcaHjSZh3m86\\nmlFm8JC3gKwwtfSjWuDJ/Nuy9/eF1JcJs8/jel4Bt62OOpQHVhz+AS7sfQKaCm7E\\ne6lPR2JVtPYEcowyzn0j7eYC3a9qFT9pdDbPQQQHAoGAfF4vqRM0fPxS0CnTa6Iv\\nwWeOnQ3Xsy2MfROgq+nvbVxR21SQ7jH8ld7hCX5o+xO6I1xv5ykPFpKgaNocCfu7\\nrQMxwsJQTh1ICvjEW8KS/BdHhQ+Yqu1bWsr17L2kvkWgFe+ex8hzWNJvi7wdV83U\\nkpz3X5BpiyUxY6a7F6dxFSMCgYA+mQQ9xhjgN8ShRgRymkPFSFxH+lKSaTUeywVZ\\nw1hRXT3ps278sI/ouYiUNtkuxE0sUABwk0xZOnELkDnHCYlirkXYJ2kLYLoUAqVN\\nQepPUoBczmkEg/zl/n2petPy5XkSIc0npfY9AFbE+xWo0ThV7xEvMrXeMxhoid9N\\n63IeEQKBgAGo8WEUc6esjiPVBP06sIHrnBdZqEs9fFrTLOFu1pya9qSZ0PsAXT+z\\nimTfK6x9c4/XrpuPVQi0nGpHQgHccK27dkO0ZCp7mlHHuSmMNzKbv+KxKRpTP2SS\\nhGazvMxKqobpZSSlc3i1M0c+uE5jhinXRcpiCr/oT9RAC/sHTcbn\\n-----END RSA PRIVATE KEY-----\\n\",\"RSAPUB\":\"ssh-rsa AAAAB3NzaC1yc2EAAAADAQABAAABAQCsOczoDCJPH6ZE8dmT0vS6GjgFDDmWZlDQD3/J3PuHiVXxe7sU161BwYQjHzGO5mg6lq9jfcBz/49qxWPXv00mvBOwHp3LlX+hiJc6SfhRaOLxM2wBd1BO1zKkmFyHbcAYpqTr71ERtE9TTPvqy2ox5bfRY6U9UJup6sC/O31PvoycYCzjI5iENK9sNzh69E/IKy/He9pV7Tj660UF3px2QHiG2fFVbMue9TShvp4zJDTeyE8mB5PNjYtjQ6zcIuOOefqRXELaGoPTB7s+SyXRuCu4+dLin/yxLzH776EveOBxwWLCWO6nnfbZCZylZ/jdhiaBJmf3g6az+tRzjMVF\\n\"}",
            "version_id": "terraform-20250209145801300500000002",
            "version_stages": [
              "AWSCURRENT"
            ]
          },
          "sensitive_attributes": [
            [
              {
                "type": "get_attr",
                "value": "secret_binary"
              }
            ],
            [
              {
                "type": "get_attr",
                "value": "secret_string"
              }
            ]
          ],
          "private": "bnVsbA==",
          "dependencies": [
            "aws_key_pair.generated_key",
            "aws_secretsmanager_secret.produto",
            "tls_private_key.tls_private"
          ]
        }
      ]
    },
    {
      "mode": "managed",
      "type": "aws_security_group",
      "name": "rds_sg",
      "provider": "provider[\"registry.terraform.io/hashicorp/aws\"]",
      "instances": [
        {
          "schema_version": 1,
          "attributes": {
            "arn": "arn:aws:ec2:us-east-1:717279688908:security-group/sg-0165bc26cf7a48a9b",
            "description": "Security group for RDS",
            "egress": [],
            "id": "sg-0165bc26cf7a48a9b",
            "ingress": [],
            "name": "rds-security-group-ms-produto",
            "name_prefix": "",
            "owner_id": "717279688908",
            "revoke_rules_on_delete": false,
            "tags": null,
            "tags_all": {},
            "timeouts": null,
            "vpc_id": "vpc-0bb3319f6293b884b"
          },
          "sensitive_attributes": [],
          "private": "eyJlMmJmYjczMC1lY2FhLTExZTYtOGY4OC0zNDM2M2JjN2M0YzAiOnsiY3JlYXRlIjo2MDAwMDAwMDAwMDAsImRlbGV0ZSI6OTAwMDAwMDAwMDAwfSwic2NoZW1hX3ZlcnNpb24iOiIxIn0="
        }
      ]
    },
    {
      "mode": "managed",
      "type": "aws_security_group",
      "name": "ssh_cluster_ms_produto",
      "provider": "provider[\"registry.terraform.io/hashicorp/aws\"]",
      "instances": [
        {
          "schema_version": 1,
          "attributes": {
            "arn": "arn:aws:ec2:us-east-1:717279688908:security-group/sg-09de9e5fa0a8f7fc4",
            "description": "Managed by Terraform",
            "egress": [],
            "id": "sg-09de9e5fa0a8f7fc4",
            "ingress": [],
            "name": "ssh_cluster_ms_produto",
            "name_prefix": "",
            "owner_id": "717279688908",
            "revoke_rules_on_delete": false,
            "tags": null,
            "tags_all": {},
            "timeouts": null,
            "vpc_id": "vpc-0bb3319f6293b884b"
          },
          "sensitive_attributes": [],
          "private": "eyJlMmJmYjczMC1lY2FhLTExZTYtOGY4OC0zNDM2M2JjN2M0YzAiOnsiY3JlYXRlIjo2MDAwMDAwMDAwMDAsImRlbGV0ZSI6OTAwMDAwMDAwMDAwfSwic2NoZW1hX3ZlcnNpb24iOiIxIn0="
        }
      ]
    },
    {
      "mode": "managed",
      "type": "aws_security_group_rule",
      "name": "rds_in",
      "provider": "provider[\"registry.terraform.io/hashicorp/aws\"]",
      "instances": [
        {
          "schema_version": 2,
          "attributes": {
            "cidr_blocks": [
              "172.31.0.0/16"
            ],
            "description": null,
            "from_port": 3306,
            "id": "sgrule-70806794",
            "ipv6_cidr_blocks": null,
            "prefix_list_ids": null,
            "protocol": "tcp",
            "security_group_id": "sg-0165bc26cf7a48a9b",
            "security_group_rule_id": "sgr-0470a116fba9a15e4",
            "self": false,
            "source_security_group_id": null,
            "timeouts": null,
            "to_port": 3306,
            "type": "ingress"
          },
          "sensitive_attributes": [],
          "private": "eyJlMmJmYjczMC1lY2FhLTExZTYtOGY4OC0zNDM2M2JjN2M0YzAiOnsiY3JlYXRlIjozMDAwMDAwMDAwMDB9LCJzY2hlbWFfdmVyc2lvbiI6IjIifQ==",
          "dependencies": [
            "aws_security_group.rds_sg"
          ]
        }
      ]
    },
    {
      "mode": "managed",
      "type": "aws_security_group_rule",
      "name": "rds_out",
      "provider": "provider[\"registry.terraform.io/hashicorp/aws\"]",
      "instances": [
        {
          "schema_version": 2,
          "attributes": {
            "cidr_blocks": [
              "0.0.0.0/0"
            ],
            "description": null,
            "from_port": 0,
            "id": "sgrule-109488810",
            "ipv6_cidr_blocks": null,
            "prefix_list_ids": null,
            "protocol": "-1",
            "security_group_id": "sg-0165bc26cf7a48a9b",
            "security_group_rule_id": "sgr-0b5e630d9f0c1ec82",
            "self": false,
            "source_security_group_id": null,
            "timeouts": null,
            "to_port": 0,
            "type": "egress"
          },
          "sensitive_attributes": [],
          "private": "eyJlMmJmYjczMC1lY2FhLTExZTYtOGY4OC0zNDM2M2JjN2M0YzAiOnsiY3JlYXRlIjozMDAwMDAwMDAwMDB9LCJzY2hlbWFfdmVyc2lvbiI6IjIifQ==",
          "dependencies": [
            "aws_security_group.rds_sg"
          ]
        }
      ]
    },
    {
      "mode": "managed",
      "type": "aws_security_group_rule",
      "name": "ssh_cluster_ms_produto_http",
      "provider": "provider[\"registry.terraform.io/hashicorp/aws\"]",
      "instances": [
        {
          "schema_version": 2,
          "attributes": {
            "cidr_blocks": [
              "0.0.0.0/0"
            ],
            "description": null,
            "from_port": 8080,
            "id": "sgrule-2824289378",
            "ipv6_cidr_blocks": null,
            "prefix_list_ids": null,
            "protocol": "tcp",
            "security_group_id": "sg-09de9e5fa0a8f7fc4",
            "security_group_rule_id": "sgr-06f6f774cd8370639",
            "self": false,
            "source_security_group_id": null,
            "timeouts": null,
            "to_port": 8080,
            "type": "ingress"
          },
          "sensitive_attributes": [],
          "private": "eyJlMmJmYjczMC1lY2FhLTExZTYtOGY4OC0zNDM2M2JjN2M0YzAiOnsiY3JlYXRlIjozMDAwMDAwMDAwMDB9LCJzY2hlbWFfdmVyc2lvbiI6IjIifQ==",
          "dependencies": [
            "aws_security_group.ssh_cluster_ms_produto"
          ]
        }
      ]
    },
    {
      "mode": "managed",
      "type": "aws_security_group_rule",
      "name": "ssh_cluster_ms_produto_http_80",
      "provider": "provider[\"registry.terraform.io/hashicorp/aws\"]",
      "instances": [
        {
          "schema_version": 2,
          "attributes": {
            "cidr_blocks": [
              "0.0.0.0/0"
            ],
            "description": null,
            "from_port": 80,
            "id": "sgrule-1188462902",
            "ipv6_cidr_blocks": null,
            "prefix_list_ids": null,
            "protocol": "tcp",
            "security_group_id": "sg-09de9e5fa0a8f7fc4",
            "security_group_rule_id": "sgr-02a419dfbe288133b",
            "self": false,
            "source_security_group_id": null,
            "timeouts": null,
            "to_port": 80,
            "type": "ingress"
          },
          "sensitive_attributes": [],
          "private": "eyJlMmJmYjczMC1lY2FhLTExZTYtOGY4OC0zNDM2M2JjN2M0YzAiOnsiY3JlYXRlIjozMDAwMDAwMDAwMDB9LCJzY2hlbWFfdmVyc2lvbiI6IjIifQ==",
          "dependencies": [
            "aws_security_group.ssh_cluster_ms_produto"
          ]
        }
      ]
    },
    {
      "mode": "managed",
      "type": "aws_security_group_rule",
      "name": "ssh_cluster_ms_produto_https",
      "provider": "provider[\"registry.terraform.io/hashicorp/aws\"]",
      "instances": [
        {
          "schema_version": 2,
          "attributes": {
            "cidr_blocks": [
              "0.0.0.0/0"
            ],
            "description": null,
            "from_port": 443,
            "id": "sgrule-3045066471",
            "ipv6_cidr_blocks": null,
            "prefix_list_ids": null,
            "protocol": "tcp",
            "security_group_id": "sg-09de9e5fa0a8f7fc4",
            "security_group_rule_id": "sgr-041eec8217fa47616",
            "self": false,
            "source_security_group_id": null,
            "timeouts": null,
            "to_port": 443,
            "type": "ingress"
          },
          "sensitive_attributes": [],
          "private": "eyJlMmJmYjczMC1lY2FhLTExZTYtOGY4OC0zNDM2M2JjN2M0YzAiOnsiY3JlYXRlIjozMDAwMDAwMDAwMDB9LCJzY2hlbWFfdmVyc2lvbiI6IjIifQ==",
          "dependencies": [
            "aws_security_group.ssh_cluster_ms_produto"
          ]
        }
      ]
    },
    {
      "mode": "managed",
      "type": "aws_security_group_rule",
      "name": "ssh_cluster_ms_produto_in",
      "provider": "provider[\"registry.terraform.io/hashicorp/aws\"]",
      "instances": [
        {
          "schema_version": 2,
          "attributes": {
            "cidr_blocks": [
              "0.0.0.0/0"
            ],
            "description": null,
            "from_port": 22,
            "id": "sgrule-4032617603",
            "ipv6_cidr_blocks": null,
            "prefix_list_ids": null,
            "protocol": "tcp",
            "security_group_id": "sg-09de9e5fa0a8f7fc4",
            "security_group_rule_id": "sgr-05cd45eaca17e540c",
            "self": false,
            "source_security_group_id": null,
            "timeouts": null,
            "to_port": 22,
            "type": "ingress"
          },
          "sensitive_attributes": [],
          "private": "eyJlMmJmYjczMC1lY2FhLTExZTYtOGY4OC0zNDM2M2JjN2M0YzAiOnsiY3JlYXRlIjozMDAwMDAwMDAwMDB9LCJzY2hlbWFfdmVyc2lvbiI6IjIifQ==",
          "dependencies": [
            "aws_security_group.ssh_cluster_ms_produto"
          ]
        }
      ]
    },
    {
      "mode": "managed",
      "type": "aws_security_group_rule",
      "name": "ssh_cluster_ms_produto_out",
      "provider": "provider[\"registry.terraform.io/hashicorp/aws\"]",
      "instances": [
        {
          "schema_version": 2,
          "attributes": {
            "cidr_blocks": [
              "0.0.0.0/0"
            ],
            "description": null,
            "from_port": 0,
            "id": "sgrule-4141955385",
            "ipv6_cidr_blocks": null,
            "prefix_list_ids": null,
            "protocol": "-1",
            "security_group_id": "sg-09de9e5fa0a8f7fc4",
            "security_group_rule_id": "sgr-0272369a3a0425906",
            "self": false,
            "source_security_group_id": null,
            "timeouts": null,
            "to_port": 0,
            "type": "egress"
          },
          "sensitive_attributes": [],
          "private": "eyJlMmJmYjczMC1lY2FhLTExZTYtOGY4OC0zNDM2M2JjN2M0YzAiOnsiY3JlYXRlIjozMDAwMDAwMDAwMDB9LCJzY2hlbWFfdmVyc2lvbiI6IjIifQ==",
          "dependencies": [
            "aws_security_group.ssh_cluster_ms_produto"
          ]
        }
      ]
    },
    {
      "mode": "managed",
      "type": "aws_security_group_rule",
      "name": "ssh_cluster_ms_produto_rds",
      "provider": "provider[\"registry.terraform.io/hashicorp/aws\"]",
      "instances": [
        {
          "schema_version": 2,
          "attributes": {
            "cidr_blocks": [
              "0.0.0.0/0"
            ],
            "description": null,
            "from_port": 3306,
            "id": "sgrule-655630388",
            "ipv6_cidr_blocks": null,
            "prefix_list_ids": null,
            "protocol": "tcp",
            "security_group_id": "sg-09de9e5fa0a8f7fc4",
            "security_group_rule_id": "sgr-0dcb12448359f6238",
            "self": false,
            "source_security_group_id": null,
            "timeouts": null,
            "to_port": 3306,
            "type": "ingress"
          },
          "sensitive_attributes": [],
          "private": "eyJlMmJmYjczMC1lY2FhLTExZTYtOGY4OC0zNDM2M2JjN2M0YzAiOnsiY3JlYXRlIjozMDAwMDAwMDAwMDB9LCJzY2hlbWFfdmVyc2lvbiI6IjIifQ==",
          "dependencies": [
            "aws_security_group.ssh_cluster_ms_produto"
          ]
        }
      ]
    },
    {
      "mode": "managed",
      "type": "kubernetes_deployment",
      "name": "produto-api",
      "provider": "provider[\"registry.terraform.io/hashicorp/kubernetes\"]",
      "instances": [
        {
          "schema_version": 1,
          "attributes": {
            "id": "default/produto",
            "metadata": [
              {
                "annotations": null,
                "generate_name": "",
                "generation": 1,
                "labels": {
                  "app": "produto"
                },
                "name": "produto",
                "namespace": "default",
                "resource_version": "4039",
                "uid": "8eb05d1d-c5a9-48cb-b605-d4d264b60b35"
              }
            ],
            "spec": [
              {
                "min_ready_seconds": 0,
                "paused": false,
                "progress_deadline_seconds": 600,
                "replicas": "1",
                "revision_history_limit": 10,
                "selector": [
                  {
                    "match_expressions": [],
                    "match_labels": {
                      "app": "produto"
                    }
                  }
                ],
                "strategy": [
                  {
                    "rolling_update": [
                      {
                        "max_surge": "25%",
                        "max_unavailable": "25%"
                      }
                    ],
                    "type": "RollingUpdate"
                  }
                ],
                "template": [
                  {
                    "metadata": [
                      {
                        "annotations": null,
                        "generate_name": "",
                        "generation": 0,
                        "labels": {
                          "app": "produto"
                        },
                        "name": "",
                        "namespace": "",
                        "resource_version": "",
                        "uid": ""
                      }
                    ],
                    "spec": [
                      {
                        "active_deadline_seconds": 0,
                        "affinity": [],
                        "automount_service_account_token": true,
                        "container": [
                          {
                            "args": null,
                            "command": null,
                            "env": [
                              {
                                "name": "RDS_ENDPOINT",
                                "value": "produto-mysql.cvyga2i021ho.us-east-1.rds.amazonaws.com:3306",
                                "value_from": []
                              }
                            ],
                            "env_from": [
                              {
                                "config_map_ref": [],
                                "prefix": "",
                                "secret_ref": [
                                  {
                                    "name": "db-produto-secret",
                                    "optional": false
                                  }
                                ]
                              }
                            ],
                            "image": "717279688908.dkr.ecr.us-east-1.amazonaws.com/repositorio:v10",
                            "image_pull_policy": "IfNotPresent",
                            "lifecycle": [],
                            "liveness_probe": [
                              {
                                "exec": [],
                                "failure_threshold": 3,
                                "grpc": [],
                                "http_get": [
                                  {
                                    "host": "",
                                    "http_header": [],
                                    "path": "/api/v1/actuator/health",
                                    "port": "8080",
                                    "scheme": "HTTP"
                                  }
                                ],
                                "initial_delay_seconds": 120,
                                "period_seconds": 10,
                                "success_threshold": 1,
                                "tcp_socket": [],
                                "timeout_seconds": 5
                              }
                            ],
                            "name": "produto",
                            "port": [
                              {
                                "container_port": 8080,
                                "host_ip": "",
                                "host_port": 0,
                                "name": "",
                                "protocol": "TCP"
                              }
                            ],
                            "readiness_probe": [],
                            "resources": [
                              {
                                "limits": {
                                  "cpu": "1",
                                  "memory": "1Gi"
                                },
                                "requests": {
                                  "cpu": "500m",
                                  "memory": "250Mi"
                                }
                              }
                            ],
                            "security_context": [],
                            "startup_probe": [],
                            "stdin": false,
                            "stdin_once": false,
                            "termination_message_path": "/dev/termination-log",
                            "termination_message_policy": "File",
                            "tty": false,
                            "volume_device": [],
                            "volume_mount": [],
                            "working_dir": ""
                          }
                        ],
                        "dns_config": [],
                        "dns_policy": "ClusterFirst",
                        "enable_service_links": true,
                        "host_aliases": [],
                        "host_ipc": false,
                        "host_network": false,
                        "host_pid": false,
                        "hostname": "",
                        "image_pull_secrets": [],
                        "init_container": [],
                        "node_name": "",
                        "node_selector": null,
                        "os": [],
                        "priority_class_name": "",
                        "readiness_gate": [],
                        "restart_policy": "Always",
                        "runtime_class_name": "",
                        "scheduler_name": "default-scheduler",
                        "security_context": [],
                        "service_account_name": "db-produto-mysql-service-account",
                        "share_process_namespace": false,
                        "subdomain": "",
                        "termination_grace_period_seconds": 30,
                        "toleration": [],
                        "topology_spread_constraint": [],
                        "volume": []
                      }
                    ]
                  }
                ]
              }
            ],
            "timeouts": null,
            "wait_for_rollout": true
          },
          "sensitive_attributes": [],
          "private": "eyJlMmJmYjczMC1lY2FhLTExZTYtOGY4OC0zNDM2M2JjN2M0YzAiOnsiY3JlYXRlIjo2MDAwMDAwMDAwMDAsImRlbGV0ZSI6NjAwMDAwMDAwMDAwLCJ1cGRhdGUiOjYwMDAwMDAwMDAwMH0sInNjaGVtYV92ZXJzaW9uIjoiMSJ9",
          "dependencies": [
            "aws_db_instance.mysql_rds_produto",
            "aws_db_subnet_group.rds_subnet_group",
            "aws_iam_role.db_produto_mysql_access_role",
            "aws_security_group.rds_sg",
            "data.aws_eks_cluster.default",
            "data.aws_eks_cluster_auth.default",
            "kubernetes_secret.db_produto_secret",
            "kubernetes_service_account.db_produto_mysql_service_account"
          ]
        }
      ]
    },
    {
      "mode": "managed",
      "type": "kubernetes_horizontal_pod_autoscaler",
      "name": "produto_hpa",
      "provider": "provider[\"registry.terraform.io/hashicorp/kubernetes\"]",
      "instances": [
        {
          "schema_version": 0,
          "attributes": {
            "id": "default/produto-hpa",
            "metadata": [
              {
                "annotations": null,
                "generate_name": "",
                "generation": 0,
                "labels": null,
                "name": "produto-hpa",
                "namespace": "default",
                "resource_version": "4044",
                "uid": "8f9acd9d-aa17-4492-a67a-f73786a970b9"
              }
            ],
            "spec": [
              {
                "behavior": [],
                "max_replicas": 10,
                "metric": [],
                "min_replicas": 1,
                "scale_target_ref": [
                  {
                    "api_version": "apps/v1",
                    "kind": "Deployment",
                    "name": "produto"
                  }
                ],
                "target_cpu_utilization_percentage": 70
              }
            ]
          },
          "sensitive_attributes": [],
          "private": "bnVsbA==",
          "dependencies": [
            "aws_db_instance.mysql_rds_produto",
            "aws_db_subnet_group.rds_subnet_group",
            "aws_iam_role.db_produto_mysql_access_role",
            "aws_security_group.rds_sg",
            "data.aws_eks_cluster.default",
            "data.aws_eks_cluster_auth.default",
            "kubernetes_deployment.produto-api",
            "kubernetes_secret.db_produto_secret",
            "kubernetes_service_account.db_produto_mysql_service_account"
          ]
        }
      ]
    },
    {
      "mode": "managed",
      "type": "kubernetes_secret",
      "name": "db_produto_secret",
      "provider": "provider[\"registry.terraform.io/hashicorp/kubernetes\"]",
      "instances": [
        {
          "schema_version": 0,
          "attributes": {
            "binary_data": null,
            "data": {
              "mysql_database": "cHJvZHV0b19kYg==",
              "mysql_password": "cHJvZHV0b191c2VyX3Bhc3M=",
              "mysql_user": "cHJvZHV0b191c2Vy"
            },
            "id": "default/db-produto-secret",
            "immutable": false,
            "metadata": [
              {
                "annotations": null,
                "generate_name": "",
                "generation": 0,
                "labels": null,
                "name": "db-produto-secret",
                "namespace": "default",
                "resource_version": "3250",
                "uid": "29d58f60-dea3-42ec-8d8c-fcf2ce69db07"
              }
            ],
            "timeouts": null,
            "type": "Opaque",
            "wait_for_service_account_token": true
          },
          "sensitive_attributes": [
            [
              {
                "type": "get_attr",
                "value": "binary_data"
              }
            ],
            [
              {
                "type": "get_attr",
                "value": "data"
              }
            ]
          ],
          "private": "eyJlMmJmYjczMC1lY2FhLTExZTYtOGY4OC0zNDM2M2JjN2M0YzAiOnsiY3JlYXRlIjo2MDAwMDAwMDAwMH19",
          "dependencies": [
            "data.aws_eks_cluster.default",
            "data.aws_eks_cluster_auth.default"
          ]
        }
      ]
    },
    {
      "mode": "managed",
      "type": "kubernetes_service",
      "name": "produto_service",
      "provider": "provider[\"registry.terraform.io/hashicorp/kubernetes\"]",
      "instances": [
        {
          "schema_version": 1,
          "attributes": {
            "id": "default/produto-service",
            "metadata": [
              {
                "annotations": null,
                "generate_name": "",
                "generation": 0,
                "labels": {
                  "app": "produto"
                },
                "name": "produto-service",
                "namespace": "default",
                "resource_version": "3251",
                "uid": "f81dda02-5820-464e-89c0-3ed3d1e90d44"
              }
            ],
            "spec": [
              {
                "allocate_load_balancer_node_ports": true,
                "cluster_ip": "10.100.135.10",
                "cluster_ips": [
                  "10.100.135.10"
                ],
                "external_ips": null,
                "external_name": "",
                "external_traffic_policy": "",
                "health_check_node_port": 0,
                "internal_traffic_policy": "Cluster",
                "ip_families": [
                  "IPv4"
                ],
                "ip_family_policy": "SingleStack",
                "load_balancer_class": "",
                "load_balancer_ip": "",
                "load_balancer_source_ranges": null,
                "port": [
                  {
                    "app_protocol": "",
                    "name": "",
                    "node_port": 0,
                    "port": 80,
                    "protocol": "TCP",
                    "target_port": "8080"
                  }
                ],
                "publish_not_ready_addresses": false,
                "selector": {
                  "app": "produto"
                },
                "session_affinity": "None",
                "session_affinity_config": [],
                "type": "ClusterIP"
              }
            ],
            "status": [
              {
                "load_balancer": [
                  {
                    "ingress": []
                  }
                ]
              }
            ],
            "timeouts": null,
            "wait_for_load_balancer": true
          },
          "sensitive_attributes": [],
          "private": "eyJlMmJmYjczMC1lY2FhLTExZTYtOGY4OC0zNDM2M2JjN2M0YzAiOnsiY3JlYXRlIjo2MDAwMDAwMDAwMDB9LCJzY2hlbWFfdmVyc2lvbiI6IjEifQ==",
          "dependencies": [
            "data.aws_eks_cluster.default",
            "data.aws_eks_cluster_auth.default"
          ]
        }
      ]
    },
    {
      "mode": "managed",
      "type": "kubernetes_service_account",
      "name": "db_produto_mysql_service_account",
      "provider": "provider[\"registry.terraform.io/hashicorp/kubernetes\"]",
      "instances": [
        {
          "schema_version": 0,
          "attributes": {
            "automount_service_account_token": true,
            "default_secret_name": "",
            "id": "default/db-produto-mysql-service-account",
            "image_pull_secret": [],
            "metadata": [
              {
                "annotations": {
                  "eks.amazonaws.com/role-arn": "arn:aws:iam::717279688908:role/iam-role-for-db-produto"
                },
                "generate_name": "",
                "generation": 0,
                "labels": null,
                "name": "db-produto-mysql-service-account",
                "namespace": "default",
                "resource_version": "3255",
                "uid": "7863f975-a158-4a5f-b3e6-c72c7ed3ff29"
              }
            ],
            "secret": [],
            "timeouts": null
          },
          "sensitive_attributes": [],
          "private": "eyJlMmJmYjczMC1lY2FhLTExZTYtOGY4OC0zNDM2M2JjN2M0YzAiOnsiY3JlYXRlIjozMDAwMDAwMDAwMH19",
          "dependencies": [
            "aws_iam_role.db_produto_mysql_access_role",
            "data.aws_eks_cluster.default",
            "data.aws_eks_cluster_auth.default"
          ]
        }
      ]
    },
    {
      "mode": "managed",
      "type": "tls_private_key",
      "name": "tls_private",
      "provider": "provider[\"registry.terraform.io/hashicorp/tls\"]",
      "instances": [
        {
          "schema_version": 1,
          "attributes": {
            "algorithm": "RSA",
            "ecdsa_curve": "P384",
            "id": "67769b461beffd6250d3227c97d75cec22e89c19",
            "private_key_openssh": "-----BEGIN OPENSSH PRIVATE KEY-----\nb3BlbnNzaC1rZXktdjEAAAAABG5vbmUAAAAEbm9uZQAAAAAAAAABAAABFwAAAAdz\nc2gtcnNhAAAAAwEAAQAAAQEArDnM6AwiTx+mRPHZk9L0uho4BQw5lmZQ0A9/ydz7\nh4lV8Xu7FNetQcGEIx8xjuZoOpavY33Ac/+PasVj179NJrwTsB6dy5V/oYiXOkn4\nUWji8TNsAXdQTtcypJhch23AGKak6+9REbRPU0z76stqMeW30WOlPVCbqerAvzt9\nT76MnGAs4yOYhDSvbDc4evRPyCsvx3vaVe04+utFBd6cdkB4htnxVWzLnvU0ob6e\nMyQ03shPJgeTzY2LY0Os3CLjjnn6kVxC2hqD0we7Pksl0bgruPnS4p/8sS8x+++h\nL3jgccFiwljup5322QmcpWf43YYmgSZn94Oms/rUc4zFRQAAA7i6h4d/uoeHfwAA\nAAdzc2gtcnNhAAABAQCsOczoDCJPH6ZE8dmT0vS6GjgFDDmWZlDQD3/J3PuHiVXx\ne7sU161BwYQjHzGO5mg6lq9jfcBz/49qxWPXv00mvBOwHp3LlX+hiJc6SfhRaOLx\nM2wBd1BO1zKkmFyHbcAYpqTr71ERtE9TTPvqy2ox5bfRY6U9UJup6sC/O31Pvoyc\nYCzjI5iENK9sNzh69E/IKy/He9pV7Tj660UF3px2QHiG2fFVbMue9TShvp4zJDTe\nyE8mB5PNjYtjQ6zcIuOOefqRXELaGoPTB7s+SyXRuCu4+dLin/yxLzH776EveOBx\nwWLCWO6nnfbZCZylZ/jdhiaBJmf3g6az+tRzjMVFAAAAAwEAAQAAAQEAjK4mJ4IJ\n4HHs4jJf1PUjvITAL7ddrvHinyGZ861TtNHE5x13or3OI4FMS1gmpiClEP6XQ4Cr\n3NTrNH8KYGg+QB6vQlSv9mUmvS8SwKU9dlpjzjx/w+7PJad5EaP3KRTILhqpaqOw\np/KOPXAL8y23kAyiCyMHDb+zd6dvTIXuhVy83TlkQPFxsyiSdc8LD3GR0zzYjEA3\ngYJDllkOi1eND9f7bNgbiYRWlvttBJKHU7mTorPEzv0NfxWDClK2xehf1Hf4Phh/\nbFG0bqB7i2eTHZlFTjyyIErmjltP5K1MW+AYZQZprI/EAqxxCOnCWGKqeA1PV6l5\nbEIqErys13mZvQAAAIABqPFhFHOnrI4j1QT9OrCB65wXWahLPXxa0yzhbtacmvak\nmdD7AF0/s4pk3yusfXOP166bj1UItJxqR0IB3HCtu3ZDtGQqe5pRx7kpjDcym7/i\nsSkaUz9kkoRms7zMSqqG6WUkpXN4tTNHPrhOY4Yp10XKYgq/6E/UQAv7B03G5wAA\nAIEAzIoltKLgrtj/QGGr8Q3+mM2GV2lKuh5b3u2/QOHl7QVpHibXuzPAmsUGV9d3\nTS3YR4gEFU8aeNNTXTnEI7ERx9uNw38zWg8VzJKY3K3VCfPuyQJX1fJvDPJni06f\ng3zOZUHVewANXuDdMCXIEefPBjwoFzqNI1GfoPkmbQksEVMAAACBANeOZ2Uu5ia/\nZIUlodnjrVnNA8VVsMGjV87uuxZkUaFhKReVla9JqngAqcaHjSZh3m86mlFm8JC3\ngKwwtfSjWuDJ/Nuy9/eF1JcJs8/jel4Bt62OOpQHVhz+AS7sfQKaCm7Ee6lPR2JV\ntPYEcowyzn0j7eYC3a9qFT9pdDbPQQQHAAAAAAEC\n-----END OPENSSH PRIVATE KEY-----\n",
            "private_key_pem": "-----BEGIN RSA PRIVATE KEY-----\nMIIEowIBAAKCAQEArDnM6AwiTx+mRPHZk9L0uho4BQw5lmZQ0A9/ydz7h4lV8Xu7\nFNetQcGEIx8xjuZoOpavY33Ac/+PasVj179NJrwTsB6dy5V/oYiXOkn4UWji8TNs\nAXdQTtcypJhch23AGKak6+9REbRPU0z76stqMeW30WOlPVCbqerAvzt9T76MnGAs\n4yOYhDSvbDc4evRPyCsvx3vaVe04+utFBd6cdkB4htnxVWzLnvU0ob6eMyQ03shP\nJgeTzY2LY0Os3CLjjnn6kVxC2hqD0we7Pksl0bgruPnS4p/8sS8x+++hL3jgccFi\nwljup5322QmcpWf43YYmgSZn94Oms/rUc4zFRQIDAQABAoIBAQCMriYnggngcezi\nMl/U9SO8hMAvt12u8eKfIZnzrVO00cTnHXeivc4jgUxLWCamIKUQ/pdDgKvc1Os0\nfwpgaD5AHq9CVK/2ZSa9LxLApT12WmPOPH/D7s8lp3kRo/cpFMguGqlqo7Cn8o49\ncAvzLbeQDKILIwcNv7N3p29Mhe6FXLzdOWRA8XGzKJJ1zwsPcZHTPNiMQDeBgkOW\nWQ6LV40P1/ts2BuJhFaW+20EkodTuZOis8TO/Q1/FYMKUrbF6F/Ud/g+GH9sUbRu\noHuLZ5MdmUVOPLIgSuaOW0/krUxb4BhlBmmsj8QCrHEI6cJYYqp4DU9XqXlsQioS\nvKzXeZm9AoGBAMyKJbSi4K7Y/0Bhq/EN/pjNhldpSroeW97tv0Dh5e0FaR4m17sz\nwJrFBlfXd00t2EeIBBVPGnjTU105xCOxEcfbjcN/M1oPFcySmNyt1Qnz7skCV9Xy\nbwzyZ4tOn4N8zmVB1XsADV7g3TAlyBHnzwY8KBc6jSNRn6D5Jm0JLBFTAoGBANeO\nZ2Uu5ia/ZIUlodnjrVnNA8VVsMGjV87uuxZkUaFhKReVla9JqngAqcaHjSZh3m86\nmlFm8JC3gKwwtfSjWuDJ/Nuy9/eF1JcJs8/jel4Bt62OOpQHVhz+AS7sfQKaCm7E\ne6lPR2JVtPYEcowyzn0j7eYC3a9qFT9pdDbPQQQHAoGAfF4vqRM0fPxS0CnTa6Iv\nwWeOnQ3Xsy2MfROgq+nvbVxR21SQ7jH8ld7hCX5o+xO6I1xv5ykPFpKgaNocCfu7\nrQMxwsJQTh1ICvjEW8KS/BdHhQ+Yqu1bWsr17L2kvkWgFe+ex8hzWNJvi7wdV83U\nkpz3X5BpiyUxY6a7F6dxFSMCgYA+mQQ9xhjgN8ShRgRymkPFSFxH+lKSaTUeywVZ\nw1hRXT3ps278sI/ouYiUNtkuxE0sUABwk0xZOnELkDnHCYlirkXYJ2kLYLoUAqVN\nQepPUoBczmkEg/zl/n2petPy5XkSIc0npfY9AFbE+xWo0ThV7xEvMrXeMxhoid9N\n63IeEQKBgAGo8WEUc6esjiPVBP06sIHrnBdZqEs9fFrTLOFu1pya9qSZ0PsAXT+z\nimTfK6x9c4/XrpuPVQi0nGpHQgHccK27dkO0ZCp7mlHHuSmMNzKbv+KxKRpTP2SS\nhGazvMxKqobpZSSlc3i1M0c+uE5jhinXRcpiCr/oT9RAC/sHTcbn\n-----END RSA PRIVATE KEY-----\n",
            "private_key_pem_pkcs8": "-----BEGIN PRIVATE KEY-----\nMIIEvQIBADANBgkqhkiG9w0BAQEFAASCBKcwggSjAgEAAoIBAQCsOczoDCJPH6ZE\n8dmT0vS6GjgFDDmWZlDQD3/J3PuHiVXxe7sU161BwYQjHzGO5mg6lq9jfcBz/49q\nxWPXv00mvBOwHp3LlX+hiJc6SfhRaOLxM2wBd1BO1zKkmFyHbcAYpqTr71ERtE9T\nTPvqy2ox5bfRY6U9UJup6sC/O31PvoycYCzjI5iENK9sNzh69E/IKy/He9pV7Tj6\n60UF3px2QHiG2fFVbMue9TShvp4zJDTeyE8mB5PNjYtjQ6zcIuOOefqRXELaGoPT\nB7s+SyXRuCu4+dLin/yxLzH776EveOBxwWLCWO6nnfbZCZylZ/jdhiaBJmf3g6az\n+tRzjMVFAgMBAAECggEBAIyuJieCCeBx7OIyX9T1I7yEwC+3Xa7x4p8hmfOtU7TR\nxOcdd6K9ziOBTEtYJqYgpRD+l0OAq9zU6zR/CmBoPkAer0JUr/ZlJr0vEsClPXZa\nY848f8PuzyWneRGj9ykUyC4aqWqjsKfyjj1wC/Mtt5AMogsjBw2/s3enb0yF7oVc\nvN05ZEDxcbMoknXPCw9xkdM82IxAN4GCQ5ZZDotXjQ/X+2zYG4mEVpb7bQSSh1O5\nk6KzxM79DX8VgwpStsXoX9R3+D4Yf2xRtG6ge4tnkx2ZRU48siBK5o5bT+StTFvg\nGGUGaayPxAKscQjpwlhiqngNT1epeWxCKhK8rNd5mb0CgYEAzIoltKLgrtj/QGGr\n8Q3+mM2GV2lKuh5b3u2/QOHl7QVpHibXuzPAmsUGV9d3TS3YR4gEFU8aeNNTXTnE\nI7ERx9uNw38zWg8VzJKY3K3VCfPuyQJX1fJvDPJni06fg3zOZUHVewANXuDdMCXI\nEefPBjwoFzqNI1GfoPkmbQksEVMCgYEA145nZS7mJr9khSWh2eOtWc0DxVWwwaNX\nzu67FmRRoWEpF5WVr0mqeACpxoeNJmHebzqaUWbwkLeArDC19KNa4Mn827L394XU\nlwmzz+N6XgG3rY46lAdWHP4BLux9ApoKbsR7qU9HYlW09gRyjDLOfSPt5gLdr2oV\nP2l0Ns9BBAcCgYB8Xi+pEzR8/FLQKdNroi/BZ46dDdezLYx9E6Cr6e9tXFHbVJDu\nMfyV3uEJfmj7E7ojXG/nKQ8WkqBo2hwJ+7utAzHCwlBOHUgK+MRbwpL8F0eFD5iq\n7VtayvXsvaS+RaAV757HyHNY0m+LvB1XzdSSnPdfkGmLJTFjprsXp3EVIwKBgD6Z\nBD3GGOA3xKFGBHKaQ8VIXEf6UpJpNR7LBVnDWFFdPemzbvywj+i5iJQ22S7ETSxQ\nAHCTTFk6cQuQOccJiWKuRdgnaQtguhQCpU1B6k9SgFzOaQSD/OX+fal60/LleRIh\nzSel9j0AVsT7FajROFXvES8ytd4zGGiJ303rch4RAoGAAajxYRRzp6yOI9UE/Tqw\ngeucF1moSz18WtMs4W7WnJr2pJnQ+wBdP7OKZN8rrH1zj9eum49VCLScakdCAdxw\nrbt2Q7RkKnuaUce5KYw3Mpu/4rEpGlM/ZJKEZrO8zEqqhullJKVzeLUzRz64TmOG\nKddFymIKv+hP1EAL+wdNxuc=\n-----END PRIVATE KEY-----\n",
            "public_key_fingerprint_md5": "a7:91:76:2b:3e:28:5f:6e:b3:9d:5d:6d:ee:ff:52:9d",
            "public_key_fingerprint_sha256": "SHA256:Je1zoEyEmTJEPYUJtlnbhLCNr+a91GTs+3xpq8FZU8Y",
            "public_key_openssh": "ssh-rsa AAAAB3NzaC1yc2EAAAADAQABAAABAQCsOczoDCJPH6ZE8dmT0vS6GjgFDDmWZlDQD3/J3PuHiVXxe7sU161BwYQjHzGO5mg6lq9jfcBz/49qxWPXv00mvBOwHp3LlX+hiJc6SfhRaOLxM2wBd1BO1zKkmFyHbcAYpqTr71ERtE9TTPvqy2ox5bfRY6U9UJup6sC/O31PvoycYCzjI5iENK9sNzh69E/IKy/He9pV7Tj660UF3px2QHiG2fFVbMue9TShvp4zJDTeyE8mB5PNjYtjQ6zcIuOOefqRXELaGoPTB7s+SyXRuCu4+dLin/yxLzH776EveOBxwWLCWO6nnfbZCZylZ/jdhiaBJmf3g6az+tRzjMVF\n",
            "public_key_pem": "-----BEGIN PUBLIC KEY-----\nMIIBIjANBgkqhkiG9w0BAQEFAAOCAQ8AMIIBCgKCAQEArDnM6AwiTx+mRPHZk9L0\nuho4BQw5lmZQ0A9/ydz7h4lV8Xu7FNetQcGEIx8xjuZoOpavY33Ac/+PasVj179N\nJrwTsB6dy5V/oYiXOkn4UWji8TNsAXdQTtcypJhch23AGKak6+9REbRPU0z76stq\nMeW30WOlPVCbqerAvzt9T76MnGAs4yOYhDSvbDc4evRPyCsvx3vaVe04+utFBd6c\ndkB4htnxVWzLnvU0ob6eMyQ03shPJgeTzY2LY0Os3CLjjnn6kVxC2hqD0we7Pksl\n0bgruPnS4p/8sS8x+++hL3jgccFiwljup5322QmcpWf43YYmgSZn94Oms/rUc4zF\nRQIDAQAB\n-----END PUBLIC KEY-----\n",
            "rsa_bits": 2048
          },
          "sensitive_attributes": [
            [
              {
                "type": "get_attr",
                "value": "private_key_pem_pkcs8"
              }
            ],
            [
              {
                "type": "get_attr",
                "value": "private_key_pem"
              }
            ],
            [
              {
                "type": "get_attr",
                "value": "private_key_openssh"
              }
            ]
          ]
        }
      ]
    }
  ],
  "check_results": null
}
